// !$*UTF8*$!
{
	archiveVersion = 1;
	classes = {
	};
	objectVersion = 55;
	objects = {

/* Begin PBXBuildFile section */
		2C1B374B28DB50F9005B8462 /* AppDelegate.swift in Sources */ = {isa = PBXBuildFile; fileRef = 2C1B374A28DB50F9005B8462 /* AppDelegate.swift */; };
		2C1B374D28DB50F9005B8462 /* SceneDelegate.swift in Sources */ = {isa = PBXBuildFile; fileRef = 2C1B374C28DB50F9005B8462 /* SceneDelegate.swift */; };
		2C1B374F28DB50F9005B8462 /* ViewController.swift in Sources */ = {isa = PBXBuildFile; fileRef = 2C1B374E28DB50F9005B8462 /* ViewController.swift */; };
		2C1B375228DB50F9005B8462 /* Main.storyboard in Resources */ = {isa = PBXBuildFile; fileRef = 2C1B375028DB50F9005B8462 /* Main.storyboard */; };
		2C1B375428DB50FA005B8462 /* Assets.xcassets in Resources */ = {isa = PBXBuildFile; fileRef = 2C1B375328DB50FA005B8462 /* Assets.xcassets */; };
		2C1B375728DB50FA005B8462 /* LaunchScreen.storyboard in Resources */ = {isa = PBXBuildFile; fileRef = 2C1B375528DB50FA005B8462 /* LaunchScreen.storyboard */; };
		2C1B376228DB50FA005B8462 /* Constraints_practiceTests.swift in Sources */ = {isa = PBXBuildFile; fileRef = 2C1B376128DB50FA005B8462 /* Constraints_practiceTests.swift */; };
		2C1B376C28DB50FA005B8462 /* Constraints_practiceUITests.swift in Sources */ = {isa = PBXBuildFile; fileRef = 2C1B376B28DB50FA005B8462 /* Constraints_practiceUITests.swift */; };
		2C1B376E28DB50FA005B8462 /* Constraints_practiceUITestsLaunchTests.swift in Sources */ = {isa = PBXBuildFile; fileRef = 2C1B376D28DB50FA005B8462 /* Constraints_practiceUITestsLaunchTests.swift */; };
/* End PBXBuildFile section */

/* Begin PBXContainerItemProxy section */
		2C1B375E28DB50FA005B8462 /* PBXContainerItemProxy */ = {
			isa = PBXContainerItemProxy;
			containerPortal = 2C1B373F28DB50F9005B8462 /* Project object */;
			proxyType = 1;
			remoteGlobalIDString = 2C1B374628DB50F9005B8462;
			remoteInfo = "Constraints practice";
		};
		2C1B376828DB50FA005B8462 /* PBXContainerItemProxy */ = {
			isa = PBXContainerItemProxy;
			containerPortal = 2C1B373F28DB50F9005B8462 /* Project object */;
			proxyType = 1;
			remoteGlobalIDString = 2C1B374628DB50F9005B8462;
			remoteInfo = "Constraints practice";
		};
/* End PBXContainerItemProxy section */

/* Begin PBXFileReference section */
		2C1B374728DB50F9005B8462 /* Constraints practice.app */ = {isa = PBXFileReference; explicitFileType = wrapper.application; includeInIndex = 0; path = "Constraints practice.app"; sourceTree = BUILT_PRODUCTS_DIR; };
		2C1B374A28DB50F9005B8462 /* AppDelegate.swift */ = {isa = PBXFileReference; lastKnownFileType = sourcecode.swift; path = AppDelegate.swift; sourceTree = "<group>"; };
		2C1B374C28DB50F9005B8462 /* SceneDelegate.swift */ = {isa = PBXFileReference; lastKnownFileType = sourcecode.swift; path = SceneDelegate.swift; sourceTree = "<group>"; };
		2C1B374E28DB50F9005B8462 /* ViewController.swift */ = {isa = PBXFileReference; lastKnownFileType = sourcecode.swift; path = ViewController.swift; sourceTree = "<group>"; };
		2C1B375128DB50F9005B8462 /* Base */ = {isa = PBXFileReference; lastKnownFileType = file.storyboard; name = Base; path = Base.lproj/Main.storyboard; sourceTree = "<group>"; };
		2C1B375328DB50FA005B8462 /* Assets.xcassets */ = {isa = PBXFileReference; lastKnownFileType = folder.assetcatalog; path = Assets.xcassets; sourceTree = "<group>"; };
		2C1B375628DB50FA005B8462 /* Base */ = {isa = PBXFileReference; lastKnownFileType = file.storyboard; name = Base; path = Base.lproj/LaunchScreen.storyboard; sourceTree = "<group>"; };
		2C1B375828DB50FA005B8462 /* Info.plist */ = {isa = PBXFileReference; lastKnownFileType = text.plist.xml; path = Info.plist; sourceTree = "<group>"; };
		2C1B375D28DB50FA005B8462 /* Constraints practiceTests.xctest */ = {isa = PBXFileReference; explicitFileType = wrapper.cfbundle; includeInIndex = 0; path = "Constraints practiceTests.xctest"; sourceTree = BUILT_PRODUCTS_DIR; };
		2C1B376128DB50FA005B8462 /* Constraints_practiceTests.swift */ = {isa = PBXFileReference; lastKnownFileType = sourcecode.swift; path = Constraints_practiceTests.swift; sourceTree = "<group>"; };
		2C1B376728DB50FA005B8462 /* Constraints practiceUITests.xctest */ = {isa = PBXFileReference; explicitFileType = wrapper.cfbundle; includeInIndex = 0; path = "Constraints practiceUITests.xctest"; sourceTree = BUILT_PRODUCTS_DIR; };
		2C1B376B28DB50FA005B8462 /* Constraints_practiceUITests.swift */ = {isa = PBXFileReference; lastKnownFileType = sourcecode.swift; path = Constraints_practiceUITests.swift; sourceTree = "<group>"; };
		2C1B376D28DB50FA005B8462 /* Constraints_practiceUITestsLaunchTests.swift */ = {isa = PBXFileReference; lastKnownFileType = sourcecode.swift; path = Constraints_practiceUITestsLaunchTests.swift; sourceTree = "<group>"; };
/* End PBXFileReference section */

/* Begin PBXFrameworksBuildPhase section */
		2C1B374428DB50F9005B8462 /* Frameworks */ = {
			isa = PBXFrameworksBuildPhase;
			buildActionMask = 2147483647;
			files = (
			);
			runOnlyForDeploymentPostprocessing = 0;
		};
		2C1B375A28DB50FA005B8462 /* Frameworks */ = {
			isa = PBXFrameworksBuildPhase;
			buildActionMask = 2147483647;
			files = (
			);
			runOnlyForDeploymentPostprocessing = 0;
		};
		2C1B376428DB50FA005B8462 /* Frameworks */ = {
			isa = PBXFrameworksBuildPhase;
			buildActionMask = 2147483647;
			files = (
			);
			runOnlyForDeploymentPostprocessing = 0;
		};
/* End PBXFrameworksBuildPhase section */

/* Begin PBXGroup section */
		2C1B373E28DB50F9005B8462 = {
			isa = PBXGroup;
			children = (
				2C1B374928DB50F9005B8462 /* Constraints practice */,
				2C1B376028DB50FA005B8462 /* Constraints practiceTests */,
				2C1B376A28DB50FA005B8462 /* Constraints practiceUITests */,
				2C1B374828DB50F9005B8462 /* Products */,
			);
			sourceTree = "<group>";
		};
		2C1B374828DB50F9005B8462 /* Products */ = {
			isa = PBXGroup;
			children = (
				2C1B374728DB50F9005B8462 /* Constraints practice.app */,
				2C1B375D28DB50FA005B8462 /* Constraints practiceTests.xctest */,
				2C1B376728DB50FA005B8462 /* Constraints practiceUITests.xctest */,
			);
			name = Products;
			sourceTree = "<group>";
		};
		2C1B374928DB50F9005B8462 /* Constraints practice */ = {
			isa = PBXGroup;
			children = (
				2C1B374A28DB50F9005B8462 /* AppDelegate.swift */,
				2C1B374C28DB50F9005B8462 /* SceneDelegate.swift */,
				2C1B374E28DB50F9005B8462 /* ViewController.swift */,
				2C1B375028DB50F9005B8462 /* Main.storyboard */,
				2C1B375328DB50FA005B8462 /* Assets.xcassets */,
				2C1B375528DB50FA005B8462 /* LaunchScreen.storyboard */,
				2C1B375828DB50FA005B8462 /* Info.plist */,
			);
			path = "Constraints practice";
			sourceTree = "<group>";
		};
		2C1B376028DB50FA005B8462 /* Constraints practiceTests */ = {
			isa = PBXGroup;
			children = (
				2C1B376128DB50FA005B8462 /* Constraints_practiceTests.swift */,
			);
			path = "Constraints practiceTests";
			sourceTree = "<group>";
		};
		2C1B376A28DB50FA005B8462 /* Constraints practiceUITests */ = {
			isa = PBXGroup;
			children = (
				2C1B376B28DB50FA005B8462 /* Constraints_practiceUITests.swift */,
				2C1B376D28DB50FA005B8462 /* Constraints_practiceUITestsLaunchTests.swift */,
			);
			path = "Constraints practiceUITests";
			sourceTree = "<group>";
		};
/* End PBXGroup section */

/* Begin PBXNativeTarget section */
		2C1B374628DB50F9005B8462 /* Constraints practice */ = {
			isa = PBXNativeTarget;
			buildConfigurationList = 2C1B377128DB50FA005B8462 /* Build configuration list for PBXNativeTarget "Constraints practice" */;
			buildPhases = (
				2C1B374328DB50F9005B8462 /* Sources */,
				2C1B374428DB50F9005B8462 /* Frameworks */,
				2C1B374528DB50F9005B8462 /* Resources */,
			);
			buildRules = (
			);
			dependencies = (
			);
			name = "Constraints practice";
			productName = "Constraints practice";
			productReference = 2C1B374728DB50F9005B8462 /* Constraints practice.app */;
			productType = "com.apple.product-type.application";
		};
		2C1B375C28DB50FA005B8462 /* Constraints practiceTests */ = {
			isa = PBXNativeTarget;
			buildConfigurationList = 2C1B377428DB50FA005B8462 /* Build configuration list for PBXNativeTarget "Constraints practiceTests" */;
			buildPhases = (
				2C1B375928DB50FA005B8462 /* Sources */,
				2C1B375A28DB50FA005B8462 /* Frameworks */,
				2C1B375B28DB50FA005B8462 /* Resources */,
			);
			buildRules = (
			);
			dependencies = (
				2C1B375F28DB50FA005B8462 /* PBXTargetDependency */,
			);
			name = "Constraints practiceTests";
			productName = "Constraints practiceTests";
			productReference = 2C1B375D28DB50FA005B8462 /* Constraints practiceTests.xctest */;
			productType = "com.apple.product-type.bundle.unit-test";
		};
		2C1B376628DB50FA005B8462 /* Constraints practiceUITests */ = {
			isa = PBXNativeTarget;
			buildConfigurationList = 2C1B377728DB50FA005B8462 /* Build configuration list for PBXNativeTarget "Constraints practiceUITests" */;
			buildPhases = (
				2C1B376328DB50FA005B8462 /* Sources */,
				2C1B376428DB50FA005B8462 /* Frameworks */,
				2C1B376528DB50FA005B8462 /* Resources */,
			);
			buildRules = (
			);
			dependencies = (
				2C1B376928DB50FA005B8462 /* PBXTargetDependency */,
			);
			name = "Constraints practiceUITests";
			productName = "Constraints practiceUITests";
			productReference = 2C1B376728DB50FA005B8462 /* Constraints practiceUITests.xctest */;
			productType = "com.apple.product-type.bundle.ui-testing";
		};
/* End PBXNativeTarget section */

/* Begin PBXProject section */
		2C1B373F28DB50F9005B8462 /* Project object */ = {
			isa = PBXProject;
			attributes = {
				BuildIndependentTargetsInParallel = 1;
				LastSwiftUpdateCheck = 1340;
				LastUpgradeCheck = 1340;
				TargetAttributes = {
					2C1B374628DB50F9005B8462 = {
						CreatedOnToolsVersion = 13.4.1;
					};
					2C1B375C28DB50FA005B8462 = {
						CreatedOnToolsVersion = 13.4.1;
						TestTargetID = 2C1B374628DB50F9005B8462;
					};
					2C1B376628DB50FA005B8462 = {
						CreatedOnToolsVersion = 13.4.1;
						TestTargetID = 2C1B374628DB50F9005B8462;
					};
				};
			};
			buildConfigurationList = 2C1B374228DB50F9005B8462 /* Build configuration list for PBXProject "Constraints practice" */;
			compatibilityVersion = "Xcode 13.0";
			developmentRegion = en;
			hasScannedForEncodings = 0;
			knownRegions = (
				en,
				Base,
			);
			mainGroup = 2C1B373E28DB50F9005B8462;
			productRefGroup = 2C1B374828DB50F9005B8462 /* Products */;
			projectDirPath = "";
			projectRoot = "";
			targets = (
				2C1B374628DB50F9005B8462 /* Constraints practice */,
				2C1B375C28DB50FA005B8462 /* Constraints practiceTests */,
				2C1B376628DB50FA005B8462 /* Constraints practiceUITests */,
			);
		};
/* End PBXProject section */

/* Begin PBXResourcesBuildPhase section */
		2C1B374528DB50F9005B8462 /* Resources */ = {
			isa = PBXResourcesBuildPhase;
			buildActionMask = 2147483647;
			files = (
				2C1B375728DB50FA005B8462 /* LaunchScreen.storyboard in Resources */,
				2C1B375428DB50FA005B8462 /* Assets.xcassets in Resources */,
				2C1B375228DB50F9005B8462 /* Main.storyboard in Resources */,
			);
			runOnlyForDeploymentPostprocessing = 0;
		};
		2C1B375B28DB50FA005B8462 /* Resources */ = {
			isa = PBXResourcesBuildPhase;
			buildActionMask = 2147483647;
			files = (
			);
			runOnlyForDeploymentPostprocessing = 0;
		};
		2C1B376528DB50FA005B8462 /* Resources */ = {
			isa = PBXResourcesBuildPhase;
			buildActionMask = 2147483647;
			files = (
			);
			runOnlyForDeploymentPostprocessing = 0;
		};
/* End PBXResourcesBuildPhase section */

/* Begin PBXSourcesBuildPhase section */
		2C1B374328DB50F9005B8462 /* Sources */ = {
			isa = PBXSourcesBuildPhase;
			buildActionMask = 2147483647;
			files = (
				2C1B374F28DB50F9005B8462 /* ViewController.swift in Sources */,
				2C1B374B28DB50F9005B8462 /* AppDelegate.swift in Sources */,
				2C1B374D28DB50F9005B8462 /* SceneDelegate.swift in Sources */,
			);
			runOnlyForDeploymentPostprocessing = 0;
		};
		2C1B375928DB50FA005B8462 /* Sources */ = {
			isa = PBXSourcesBuildPhase;
			buildActionMask = 2147483647;
			files = (
				2C1B376228DB50FA005B8462 /* Constraints_practiceTests.swift in Sources */,
			);
			runOnlyForDeploymentPostprocessing = 0;
		};
		2C1B376328DB50FA005B8462 /* Sources */ = {
			isa = PBXSourcesBuildPhase;
			buildActionMask = 2147483647;
			files = (
				2C1B376E28DB50FA005B8462 /* Constraints_practiceUITestsLaunchTests.swift in Sources */,
				2C1B376C28DB50FA005B8462 /* Constraints_practiceUITests.swift in Sources */,
			);
			runOnlyForDeploymentPostprocessing = 0;
		};
/* End PBXSourcesBuildPhase section */

/* Begin PBXTargetDependency section */
		2C1B375F28DB50FA005B8462 /* PBXTargetDependency */ = {
			isa = PBXTargetDependency;
			target = 2C1B374628DB50F9005B8462 /* Constraints practice */;
			targetProxy = 2C1B375E28DB50FA005B8462 /* PBXContainerItemProxy */;
		};
		2C1B376928DB50FA005B8462 /* PBXTargetDependency */ = {
			isa = PBXTargetDependency;
			target = 2C1B374628DB50F9005B8462 /* Constraints practice */;
			targetProxy = 2C1B376828DB50FA005B8462 /* PBXContainerItemProxy */;
		};
/* End PBXTargetDependency section */

/* Begin PBXVariantGroup section */
		2C1B375028DB50F9005B8462 /* Main.storyboard */ = {
			isa = PBXVariantGroup;
			children = (
				2C1B375128DB50F9005B8462 /* Base */,
			);
			name = Main.storyboard;
			sourceTree = "<group>";
		};
		2C1B375528DB50FA005B8462 /* LaunchScreen.storyboard */ = {
			isa = PBXVariantGroup;
			children = (
				2C1B375628DB50FA005B8462 /* Base */,
			);
			name = LaunchScreen.storyboard;
			sourceTree = "<group>";
		};
/* End PBXVariantGroup section */

/* Begin XCBuildConfiguration section */
		2C1B376F28DB50FA005B8462 /* Debug */ = {
			isa = XCBuildConfiguration;
			buildSettings = {
				ALWAYS_SEARCH_USER_PATHS = NO;
				CLANG_ANALYZER_NONNULL = YES;
				CLANG_ANALYZER_NUMBER_OBJECT_CONVERSION = YES_AGGRESSIVE;
				CLANG_CXX_LANGUAGE_STANDARD = "gnu++17";
				CLANG_ENABLE_MODULES = YES;
				CLANG_ENABLE_OBJC_ARC = YES;
				CLANG_ENABLE_OBJC_WEAK = YES;
				CLANG_WARN_BLOCK_CAPTURE_AUTORELEASING = YES;
				CLANG_WARN_BOOL_CONVERSION = YES;
				CLANG_WARN_COMMA = YES;
				CLANG_WARN_CONSTANT_CONVERSION = YES;
				CLANG_WARN_DEPRECATED_OBJC_IMPLEMENTATIONS = YES;
				CLANG_WARN_DIRECT_OBJC_ISA_USAGE = YES_ERROR;
				CLANG_WARN_DOCUMENTATION_COMMENTS = YES;
				CLANG_WARN_EMPTY_BODY = YES;
				CLANG_WARN_ENUM_CONVERSION = YES;
				CLANG_WARN_INFINITE_RECURSION = YES;
				CLANG_WARN_INT_CONVERSION = YES;
				CLANG_WARN_NON_LITERAL_NULL_CONVERSION = YES;
				CLANG_WARN_OBJC_IMPLICIT_RETAIN_SELF = YES;
				CLANG_WARN_OBJC_LITERAL_CONVERSION = YES;
				CLANG_WARN_OBJC_ROOT_CLASS = YES_ERROR;
				CLANG_WARN_QUOTED_INCLUDE_IN_FRAMEWORK_HEADER = YES;
				CLANG_WARN_RANGE_LOOP_ANALYSIS = YES;
				CLANG_WARN_STRICT_PROTOTYPES = YES;
				CLANG_WARN_SUSPICIOUS_MOVE = YES;
				CLANG_WARN_UNGUARDED_AVAILABILITY = YES_AGGRESSIVE;
				CLANG_WARN_UNREACHABLE_CODE = YES;
				CLANG_WARN__DUPLICATE_METHOD_MATCH = YES;
				COPY_PHASE_STRIP = NO;
				DEBUG_INFORMATION_FORMAT = dwarf;
				ENABLE_STRICT_OBJC_MSGSEND = YES;
				ENABLE_TESTABILITY = YES;
				GCC_C_LANGUAGE_STANDARD = gnu11;
				GCC_DYNAMIC_NO_PIC = NO;
				GCC_NO_COMMON_BLOCKS = YES;
				GCC_OPTIMIZATION_LEVEL = 0;
				GCC_PREPROCESSOR_DEFINITIONS = (
					"DEBUG=1",
					"$(inherited)",
				);
				GCC_WARN_64_TO_32_BIT_CONVERSION = YES;
				GCC_WARN_ABOUT_RETURN_TYPE = YES_ERROR;
				GCC_WARN_UNDECLARED_SELECTOR = YES;
				GCC_WARN_UNINITIALIZED_AUTOS = YES_AGGRESSIVE;
				GCC_WARN_UNUSED_FUNCTION = YES;
				GCC_WARN_UNUSED_VARIABLE = YES;
				IPHONEOS_DEPLOYMENT_TARGET = 15.5;
				MTL_ENABLE_DEBUG_INFO = INCLUDE_SOURCE;
				MTL_FAST_MATH = YES;
				ONLY_ACTIVE_ARCH = YES;
				SDKROOT = iphoneos;
				SWIFT_ACTIVE_COMPILATION_CONDITIONS = DEBUG;
				SWIFT_OPTIMIZATION_LEVEL = "-Onone";
			};
			name = Debug;
		};
		2C1B377028DB50FA005B8462 /* Release */ = {
			isa = XCBuildConfiguration;
			buildSettings = {
				ALWAYS_SEARCH_USER_PATHS = NO;
				CLANG_ANALYZER_NONNULL = YES;
				CLANG_ANALYZER_NUMBER_OBJECT_CONVERSION = YES_AGGRESSIVE;
				CLANG_CXX_LANGUAGE_STANDARD = "gnu++17";
				CLANG_ENABLE_MODULES = YES;
				CLANG_ENABLE_OBJC_ARC = YES;
				CLANG_ENABLE_OBJC_WEAK = YES;
				CLANG_WARN_BLOCK_CAPTURE_AUTORELEASING = YES;
				CLANG_WARN_BOOL_CONVERSION = YES;
				CLANG_WARN_COMMA = YES;
				CLANG_WARN_CONSTANT_CONVERSION = YES;
				CLANG_WARN_DEPRECATED_OBJC_IMPLEMENTATIONS = YES;
				CLANG_WARN_DIRECT_OBJC_ISA_USAGE = YES_ERROR;
				CLANG_WARN_DOCUMENTATION_COMMENTS = YES;
				CLANG_WARN_EMPTY_BODY = YES;
				CLANG_WARN_ENUM_CONVERSION = YES;
				CLANG_WARN_INFINITE_RECURSION = YES;
				CLANG_WARN_INT_CONVERSION = YES;
				CLANG_WARN_NON_LITERAL_NULL_CONVERSION = YES;
				CLANG_WARN_OBJC_IMPLICIT_RETAIN_SELF = YES;
				CLANG_WARN_OBJC_LITERAL_CONVERSION = YES;
				CLANG_WARN_OBJC_ROOT_CLASS = YES_ERROR;
				CLANG_WARN_QUOTED_INCLUDE_IN_FRAMEWORK_HEADER = YES;
				CLANG_WARN_RANGE_LOOP_ANALYSIS = YES;
				CLANG_WARN_STRICT_PROTOTYPES = YES;
				CLANG_WARN_SUSPICIOUS_MOVE = YES;
				CLANG_WARN_UNGUARDED_AVAILABILITY = YES_AGGRESSIVE;
				CLANG_WARN_UNREACHABLE_CODE = YES;
				CLANG_WARN__DUPLICATE_METHOD_MATCH = YES;
				COPY_PHASE_STRIP = NO;
				DEBUG_INFORMATION_FORMAT = "dwarf-with-dsym";
				ENABLE_NS_ASSERTIONS = NO;
				ENABLE_STRICT_OBJC_MSGSEND = YES;
				GCC_C_LANGUAGE_STANDARD = gnu11;
				GCC_NO_COMMON_BLOCKS = YES;
				GCC_WARN_64_TO_32_BIT_CONVERSION = YES;
				GCC_WARN_ABOUT_RETURN_TYPE = YES_ERROR;
				GCC_WARN_UNDECLARED_SELECTOR = YES;
				GCC_WARN_UNINITIALIZED_AUTOS = YES_AGGRESSIVE;
				GCC_WARN_UNUSED_FUNCTION = YES;
				GCC_WARN_UNUSED_VARIABLE = YES;
				IPHONEOS_DEPLOYMENT_TARGET = 15.5;
				MTL_ENABLE_DEBUG_INFO = NO;
				MTL_FAST_MATH = YES;
				SDKROOT = iphoneos;
				SWIFT_COMPILATION_MODE = wholemodule;
				SWIFT_OPTIMIZATION_LEVEL = "-O";
				VALIDATE_PRODUCT = YES;
			};
			name = Release;
		};
		2C1B377228DB50FA005B8462 /* Debug */ = {
			isa = XCBuildConfiguration;
			buildSettings = {
				ASSETCATALOG_COMPILER_APPICON_NAME = AppIcon;
				ASSETCATALOG_COMPILER_GLOBAL_ACCENT_COLOR_NAME = AccentColor;
				CODE_SIGN_STYLE = Automatic;
				CURRENT_PROJECT_VERSION = 1;
				GENERATE_INFOPLIST_FILE = YES;
				INFOPLIST_FILE = "Constraints practice/Info.plist";
				INFOPLIST_KEY_UIApplicationSupportsIndirectInputEvents = YES;
				INFOPLIST_KEY_UILaunchStoryboardName = LaunchScreen;
				INFOPLIST_KEY_UIMainStoryboardFile = Main;
				INFOPLIST_KEY_UISupportedInterfaceOrientations_iPad = "UIInterfaceOrientationPortrait UIInterfaceOrientationPortraitUpsideDown UIInterfaceOrientationLandscapeLeft UIInterfaceOrientationLandscapeRight";
				INFOPLIST_KEY_UISupportedInterfaceOrientations_iPhone = "UIInterfaceOrientationPortrait UIInterfaceOrientationLandscapeLeft UIInterfaceOrientationLandscapeRight";
				LD_RUNPATH_SEARCH_PATHS = (
					"$(inherited)",
					"@executable_path/Frameworks",
				);
				MARKETING_VERSION = 1.0;
				PRODUCT_BUNDLE_IDENTIFIER = "e.Constraints-practice";
				PRODUCT_NAME = "$(TARGET_NAME)";
				SWIFT_EMIT_LOC_STRINGS = YES;
				SWIFT_VERSION = 5.0;
				TARGETED_DEVICE_FAMILY = "1,2";
			};
			name = Debug;
		};
		2C1B377328DB50FA005B8462 /* Release */ = {
			isa = XCBuildConfiguration;
			buildSettings = {
				ASSETCATALOG_COMPILER_APPICON_NAME = AppIcon;
				ASSETCATALOG_COMPILER_GLOBAL_ACCENT_COLOR_NAME = AccentColor;
				CODE_SIGN_STYLE = Automatic;
				CURRENT_PROJECT_VERSION = 1;
				GENERATE_INFOPLIST_FILE = YES;
				INFOPLIST_FILE = "Constraints practice/Info.plist";
				INFOPLIST_KEY_UIApplicationSupportsIndirectInputEvents = YES;
				INFOPLIST_KEY_UILaunchStoryboardName = LaunchScreen;
				INFOPLIST_KEY_UIMainStoryboardFile = Main;
				INFOPLIST_KEY_UISupportedInterfaceOrientations_iPad = "UIInterfaceOrientationPortrait UIInterfaceOrientationPortraitUpsideDown UIInterfaceOrientationLandscapeLeft UIInterfaceOrientationLandscapeRight";
				INFOPLIST_KEY_UISupportedInterfaceOrientations_iPhone = "UIInterfaceOrientationPortrait UIInterfaceOrientationLandscapeLeft UIInterfaceOrientationLandscapeRight";
				LD_RUNPATH_SEARCH_PATHS = (
					"$(inherited)",
					"@executable_path/Frameworks",
				);
				MARKETING_VERSION = 1.0;
				PRODUCT_BUNDLE_IDENTIFIER = "e.Constraints-practice";
				PRODUCT_NAME = "$(TARGET_NAME)";
				SWIFT_EMIT_LOC_STRINGS = YES;
				SWIFT_VERSION = 5.0;
				TARGETED_DEVICE_FAMILY = "1,2";
			};
			name = Release;
		};
		2C1B377528DB50FA005B8462 /* Debug */ = {
			isa = XCBuildConfiguration;
			buildSettings = {
				ALWAYS_EMBED_SWIFT_STANDARD_LIBRARIES = YES;
				BUNDLE_LOADER = "$(TEST_HOST)";
				CODE_SIGN_STYLE = Automatic;
				CURRENT_PROJECT_VERSION = 1;
				GENERATE_INFOPLIST_FILE = YES;
				IPHONEOS_DEPLOYMENT_TARGET = 15.5;
				MARKETING_VERSION = 1.0;
				PRODUCT_BUNDLE_IDENTIFIER = "e.Constraints-practiceTests";
				PRODUCT_NAME = "$(TARGET_NAME)";
				SWIFT_EMIT_LOC_STRINGS = NO;
				SWIFT_VERSION = 5.0;
				TARGETED_DEVICE_FAMILY = "1,2";
				TEST_HOST = "$(BUILT_PRODUCTS_DIR)/Constraints practice.app/Constraints practice";
			};
			name = Debug;
		};
		2C1B377628DB50FA005B8462 /* Release */ = {
			isa = XCBuildConfiguration;
			buildSettings = {
				ALWAYS_EMBED_SWIFT_STANDARD_LIBRARIES = YES;
				BUNDLE_LOADER = "$(TEST_HOST)";
				CODE_SIGN_STYLE = Automatic;
				CURRENT_PROJECT_VERSION = 1;
				GENERATE_INFOPLIST_FILE = YES;
				IPHONEOS_DEPLOYMENT_TARGET = 15.5;
				MARKETING_VERSION = 1.0;
				PRODUCT_BUNDLE_IDENTIFIER = "e.Constraints-practiceTests";
				PRODUCT_NAME = "$(TARGET_NAME)";
				SWIFT_EMIT_LOC_STRINGS = NO;
				SWIFT_VERSION = 5.0;
				TARGETED_DEVICE_FAMILY = "1,2";
				TEST_HOST = "$(BUILT_PRODUCTS_DIR)/Constraints practice.app/Constraints practice";
			};
			name = Release;
		};
		2C1B377828DB50FA005B8462 /* Debug */ = {
			isa = XCBuildConfiguration;
			buildSettings = {
				ALWAYS_EMBED_SWIFT_STANDARD_LIBRARIES = YES;
				CODE_SIGN_STYLE = Automatic;
				CURRENT_PROJECT_VERSION = 1;
				GENERATE_INFOPLIST_FILE = YES;
				MARKETING_VERSION = 1.0;
				PRODUCT_BUNDLE_IDENTIFIER = "e.Constraints-practiceUITests";
				PRODUCT_NAME = "$(TARGET_NAME)";
				SWIFT_EMIT_LOC_STRINGS = NO;
				SWIFT_VERSION = 5.0;
				TARGETED_DEVICE_FAMILY = "1,2";
				TEST_TARGET_NAME = "Constraints practice";
			};
			name = Debug;
		};
		2C1B377928DB50FA005B8462 /* Release */ = {
			isa = XCBuildConfiguration;
			buildSettings = {
				ALWAYS_EMBED_SWIFT_STANDARD_LIBRARIES = YES;
				CODE_SIGN_STYLE = Automatic;
				CURRENT_PROJECT_VERSION = 1;
				GENERATE_INFOPLIST_FILE = YES;
				MARKETING_VERSION = 1.0;
				PRODUCT_BUNDLE_IDENTIFIER = "e.Constraints-practiceUITests";
				PRODUCT_NAME = "$(TARGET_NAME)";
				SWIFT_EMIT_LOC_STRINGS = NO;
				SWIFT_VERSION = 5.0;
				TARGETED_DEVICE_FAMILY = "1,2";
				TEST_TARGET_NAME = "Constraints practice";
			};
			name = Release;
		};
/* End XCBuildConfiguration section */

/* Begin XCConfigurationList section */
		2C1B374228DB50F9005B8462 /* Build configuration list for PBXProject "Constraints practice" */ = {
			isa = XCConfigurationList;
			buildConfigurations = (
				2C1B376F28DB50FA005B8462 /* Debug */,
				2C1B377028DB50FA005B8462 /* Release */,
			);
			defaultConfigurationIsVisible = 0;
			defaultConfigurationName = Release;
		};
		2C1B377128DB50FA005B8462 /* Build configuration list for PBXNativeTarget "Constraints practice" */ = {
			isa = XCConfigurationList;
			buildConfigurations = (
				2C1B377228DB50FA005B8462 /* Debug */,
				2C1B377328DB50FA005B8462 /* Release */,
			);
			defaultConfigurationIsVisible = 0;
			defaultConfigurationName = Release;
		};
		2C1B377428DB50FA005B8462 /* Build configuration list for PBXNativeTarget "Constraints practiceTests" */ = {
			isa = XCConfigurationList;
			buildConfigurations = (
				2C1B377528DB50FA005B8462 /* Debug */,
				2C1B377628DB50FA005B8462 /* Release */,
			);
			defaultConfigurationIsVisible = 0;
			defaultConfigurationName = Release;
		};
		2C1B377728DB50FA005B8462 /* Build configuration list for PBXNativeTarget "Constraints practiceUITests" */ = {
			isa = XCConfigurationList;
			buildConfigurations = (
				2C1B377828DB50FA005B8462 /* Debug */,
				2C1B377928DB50FA005B8462 /* Release */,
			);
			defaultConfigurationIsVisible = 0;
			defaultConfigurationName = Release;
		};
/* End XCConfigurationList section */
	};
	rootObject = 2C1B373F28DB50F9005B8462 /* Project object */;
}
