// !$*UTF8*$!
{
	archiveVersion = 1;
	classes = {
	};
	objectVersion = 56;
	objects = {

/* Begin PBXBuildFile section */
		2C14C32529423386008C9D61 /* RepresentitiveTableViewController.swift in Sources */ = {isa = PBXBuildFile; fileRef = 2C14C32429423386008C9D61 /* RepresentitiveTableViewController.swift */; };
		2C14C327294233AD008C9D61 /* RepresentitiveTableViewCell.swift in Sources */ = {isa = PBXBuildFile; fileRef = 2C14C326294233AD008C9D61 /* RepresentitiveTableViewCell.swift */; };
		2C34EB46293F952700F1873F /* AppDelegate.swift in Sources */ = {isa = PBXBuildFile; fileRef = 2C34EB45293F952700F1873F /* AppDelegate.swift */; };
		2C34EB48293F952700F1873F /* SceneDelegate.swift in Sources */ = {isa = PBXBuildFile; fileRef = 2C34EB47293F952700F1873F /* SceneDelegate.swift */; };
		2C34EB4A293F952700F1873F /* DogViewController.swift in Sources */ = {isa = PBXBuildFile; fileRef = 2C34EB49293F952700F1873F /* DogViewController.swift */; };
		2C34EB4D293F952700F1873F /* Main.storyboard in Resources */ = {isa = PBXBuildFile; fileRef = 2C34EB4B293F952700F1873F /* Main.storyboard */; };
		2C34EB4F293F952900F1873F /* Assets.xcassets in Resources */ = {isa = PBXBuildFile; fileRef = 2C34EB4E293F952900F1873F /* Assets.xcassets */; };
		2C34EB52293F952900F1873F /* LaunchScreen.storyboard in Resources */ = {isa = PBXBuildFile; fileRef = 2C34EB50293F952900F1873F /* LaunchScreen.storyboard */; };
		2C34EB5D293F952A00F1873F /* Api_ProjectTests.swift in Sources */ = {isa = PBXBuildFile; fileRef = 2C34EB5C293F952A00F1873F /* Api_ProjectTests.swift */; };
		2C34EB67293F952A00F1873F /* Api_ProjectUITests.swift in Sources */ = {isa = PBXBuildFile; fileRef = 2C34EB66293F952A00F1873F /* Api_ProjectUITests.swift */; };
		2C34EB69293F952A00F1873F /* Api_ProjectUITestsLaunchTests.swift in Sources */ = {isa = PBXBuildFile; fileRef = 2C34EB68293F952A00F1873F /* Api_ProjectUITestsLaunchTests.swift */; };
		2C34EB76293F9ED200F1873F /* PhotoInfo.swift in Sources */ = {isa = PBXBuildFile; fileRef = 2C34EB75293F9ED200F1873F /* PhotoInfo.swift */; };
		2C34EB78293F9EE400F1873F /* PhotoInfoController.swift in Sources */ = {isa = PBXBuildFile; fileRef = 2C34EB77293F9EE400F1873F /* PhotoInfoController.swift */; };
/* End PBXBuildFile section */

/* Begin PBXContainerItemProxy section */
		2C34EB59293F952A00F1873F /* PBXContainerItemProxy */ = {
			isa = PBXContainerItemProxy;
			containerPortal = 2C34EB3A293F952700F1873F /* Project object */;
			proxyType = 1;
			remoteGlobalIDString = 2C34EB41293F952700F1873F;
			remoteInfo = "Api Project";
		};
		2C34EB63293F952A00F1873F /* PBXContainerItemProxy */ = {
			isa = PBXContainerItemProxy;
			containerPortal = 2C34EB3A293F952700F1873F /* Project object */;
			proxyType = 1;
			remoteGlobalIDString = 2C34EB41293F952700F1873F;
			remoteInfo = "Api Project";
		};
/* End PBXContainerItemProxy section */

/* Begin PBXFileReference section */
		2C14C32429423386008C9D61 /* RepresentitiveTableViewController.swift */ = {isa = PBXFileReference; lastKnownFileType = sourcecode.swift; path = RepresentitiveTableViewController.swift; sourceTree = "<group>"; };
		2C14C326294233AD008C9D61 /* RepresentitiveTableViewCell.swift */ = {isa = PBXFileReference; lastKnownFileType = sourcecode.swift; path = RepresentitiveTableViewCell.swift; sourceTree = "<group>"; };
		2C34EB42293F952700F1873F /* Api Project.app */ = {isa = PBXFileReference; explicitFileType = wrapper.application; includeInIndex = 0; path = "Api Project.app"; sourceTree = BUILT_PRODUCTS_DIR; };
		2C34EB45293F952700F1873F /* AppDelegate.swift */ = {isa = PBXFileReference; lastKnownFileType = sourcecode.swift; path = AppDelegate.swift; sourceTree = "<group>"; };
		2C34EB47293F952700F1873F /* SceneDelegate.swift */ = {isa = PBXFileReference; lastKnownFileType = sourcecode.swift; path = SceneDelegate.swift; sourceTree = "<group>"; };
		2C34EB49293F952700F1873F /* DogViewController.swift */ = {isa = PBXFileReference; lastKnownFileType = sourcecode.swift; path = DogViewController.swift; sourceTree = "<group>"; };
		2C34EB4C293F952700F1873F /* Base */ = {isa = PBXFileReference; lastKnownFileType = file.storyboard; name = Base; path = Base.lproj/Main.storyboard; sourceTree = "<group>"; };
		2C34EB4E293F952900F1873F /* Assets.xcassets */ = {isa = PBXFileReference; lastKnownFileType = folder.assetcatalog; path = Assets.xcassets; sourceTree = "<group>"; };
		2C34EB51293F952900F1873F /* Base */ = {isa = PBXFileReference; lastKnownFileType = file.storyboard; name = Base; path = Base.lproj/LaunchScreen.storyboard; sourceTree = "<group>"; };
		2C34EB53293F952900F1873F /* Info.plist */ = {isa = PBXFileReference; lastKnownFileType = text.plist.xml; path = Info.plist; sourceTree = "<group>"; };
		2C34EB58293F952A00F1873F /* Api ProjectTests.xctest */ = {isa = PBXFileReference; explicitFileType = wrapper.cfbundle; includeInIndex = 0; path = "Api ProjectTests.xctest"; sourceTree = BUILT_PRODUCTS_DIR; };
		2C34EB5C293F952A00F1873F /* Api_ProjectTests.swift */ = {isa = PBXFileReference; lastKnownFileType = sourcecode.swift; path = Api_ProjectTests.swift; sourceTree = "<group>"; };
		2C34EB62293F952A00F1873F /* Api ProjectUITests.xctest */ = {isa = PBXFileReference; explicitFileType = wrapper.cfbundle; includeInIndex = 0; path = "Api ProjectUITests.xctest"; sourceTree = BUILT_PRODUCTS_DIR; };
		2C34EB66293F952A00F1873F /* Api_ProjectUITests.swift */ = {isa = PBXFileReference; lastKnownFileType = sourcecode.swift; path = Api_ProjectUITests.swift; sourceTree = "<group>"; };
		2C34EB68293F952A00F1873F /* Api_ProjectUITestsLaunchTests.swift */ = {isa = PBXFileReference; lastKnownFileType = sourcecode.swift; path = Api_ProjectUITestsLaunchTests.swift; sourceTree = "<group>"; };
		2C34EB75293F9ED200F1873F /* PhotoInfo.swift */ = {isa = PBXFileReference; lastKnownFileType = sourcecode.swift; path = PhotoInfo.swift; sourceTree = "<group>"; };
		2C34EB77293F9EE400F1873F /* PhotoInfoController.swift */ = {isa = PBXFileReference; lastKnownFileType = sourcecode.swift; path = PhotoInfoController.swift; sourceTree = "<group>"; };
/* End PBXFileReference section */

/* Begin PBXFrameworksBuildPhase section */
		2C34EB3F293F952700F1873F /* Frameworks */ = {
			isa = PBXFrameworksBuildPhase;
			buildActionMask = 2147483647;
			files = (
			);
			runOnlyForDeploymentPostprocessing = 0;
		};
		2C34EB55293F952A00F1873F /* Frameworks */ = {
			isa = PBXFrameworksBuildPhase;
			buildActionMask = 2147483647;
			files = (
			);
			runOnlyForDeploymentPostprocessing = 0;
		};
		2C34EB5F293F952A00F1873F /* Frameworks */ = {
			isa = PBXFrameworksBuildPhase;
			buildActionMask = 2147483647;
			files = (
			);
			runOnlyForDeploymentPostprocessing = 0;
		};
/* End PBXFrameworksBuildPhase section */

/* Begin PBXGroup section */
		2C34EB39293F952700F1873F = {
			isa = PBXGroup;
			children = (
				2C34EB44293F952700F1873F /* Api Project */,
				2C34EB5B293F952A00F1873F /* Api ProjectTests */,
				2C34EB65293F952A00F1873F /* Api ProjectUITests */,
				2C34EB43293F952700F1873F /* Products */,
			);
			sourceTree = "<group>";
		};
		2C34EB43293F952700F1873F /* Products */ = {
			isa = PBXGroup;
			children = (
				2C34EB42293F952700F1873F /* Api Project.app */,
				2C34EB58293F952A00F1873F /* Api ProjectTests.xctest */,
				2C34EB62293F952A00F1873F /* Api ProjectUITests.xctest */,
			);
			name = Products;
			sourceTree = "<group>";
		};
		2C34EB44293F952700F1873F /* Api Project */ = {
			isa = PBXGroup;
			children = (
				2C34EB45293F952700F1873F /* AppDelegate.swift */,
				2C34EB47293F952700F1873F /* SceneDelegate.swift */,
				2C34EB49293F952700F1873F /* DogViewController.swift */,
				2C34EB4B293F952700F1873F /* Main.storyboard */,
				2C14C326294233AD008C9D61 /* RepresentitiveTableViewCell.swift */,
				2C14C32429423386008C9D61 /* RepresentitiveTableViewController.swift */,
				2C34EB75293F9ED200F1873F /* PhotoInfo.swift */,
				2C34EB77293F9EE400F1873F /* PhotoInfoController.swift */,
				2C34EB4E293F952900F1873F /* Assets.xcassets */,
				2C34EB50293F952900F1873F /* LaunchScreen.storyboard */,
				2C34EB53293F952900F1873F /* Info.plist */,
			);
			path = "Api Project";
			sourceTree = "<group>";
		};
		2C34EB5B293F952A00F1873F /* Api ProjectTests */ = {
			isa = PBXGroup;
			children = (
				2C34EB5C293F952A00F1873F /* Api_ProjectTests.swift */,
			);
			path = "Api ProjectTests";
			sourceTree = "<group>";
		};
		2C34EB65293F952A00F1873F /* Api ProjectUITests */ = {
			isa = PBXGroup;
			children = (
				2C34EB66293F952A00F1873F /* Api_ProjectUITests.swift */,
				2C34EB68293F952A00F1873F /* Api_ProjectUITestsLaunchTests.swift */,
			);
			path = "Api ProjectUITests";
			sourceTree = "<group>";
		};
/* End PBXGroup section */

/* Begin PBXNativeTarget section */
		2C34EB41293F952700F1873F /* Api Project */ = {
			isa = PBXNativeTarget;
			buildConfigurationList = 2C34EB6C293F952A00F1873F /* Build configuration list for PBXNativeTarget "Api Project" */;
			buildPhases = (
				2C34EB3E293F952700F1873F /* Sources */,
				2C34EB3F293F952700F1873F /* Frameworks */,
				2C34EB40293F952700F1873F /* Resources */,
			);
			buildRules = (
			);
			dependencies = (
			);
			name = "Api Project";
			productName = "Api Project";
			productReference = 2C34EB42293F952700F1873F /* Api Project.app */;
			productType = "com.apple.product-type.application";
		};
		2C34EB57293F952A00F1873F /* Api ProjectTests */ = {
			isa = PBXNativeTarget;
			buildConfigurationList = 2C34EB6F293F952A00F1873F /* Build configuration list for PBXNativeTarget "Api ProjectTests" */;
			buildPhases = (
				2C34EB54293F952A00F1873F /* Sources */,
				2C34EB55293F952A00F1873F /* Frameworks */,
				2C34EB56293F952A00F1873F /* Resources */,
			);
			buildRules = (
			);
			dependencies = (
				2C34EB5A293F952A00F1873F /* PBXTargetDependency */,
			);
			name = "Api ProjectTests";
			productName = "Api ProjectTests";
			productReference = 2C34EB58293F952A00F1873F /* Api ProjectTests.xctest */;
			productType = "com.apple.product-type.bundle.unit-test";
		};
		2C34EB61293F952A00F1873F /* Api ProjectUITests */ = {
			isa = PBXNativeTarget;
			buildConfigurationList = 2C34EB72293F952A00F1873F /* Build configuration list for PBXNativeTarget "Api ProjectUITests" */;
			buildPhases = (
				2C34EB5E293F952A00F1873F /* Sources */,
				2C34EB5F293F952A00F1873F /* Frameworks */,
				2C34EB60293F952A00F1873F /* Resources */,
			);
			buildRules = (
			);
			dependencies = (
				2C34EB64293F952A00F1873F /* PBXTargetDependency */,
			);
			name = "Api ProjectUITests";
			productName = "Api ProjectUITests";
			productReference = 2C34EB62293F952A00F1873F /* Api ProjectUITests.xctest */;
			productType = "com.apple.product-type.bundle.ui-testing";
		};
/* End PBXNativeTarget section */

/* Begin PBXProject section */
		2C34EB3A293F952700F1873F /* Project object */ = {
			isa = PBXProject;
			attributes = {
				BuildIndependentTargetsInParallel = 1;
				LastSwiftUpdateCheck = 1410;
				LastUpgradeCheck = 1410;
				TargetAttributes = {
					2C34EB41293F952700F1873F = {
						CreatedOnToolsVersion = 14.1;
					};
					2C34EB57293F952A00F1873F = {
						CreatedOnToolsVersion = 14.1;
						TestTargetID = 2C34EB41293F952700F1873F;
					};
					2C34EB61293F952A00F1873F = {
						CreatedOnToolsVersion = 14.1;
						TestTargetID = 2C34EB41293F952700F1873F;
					};
				};
			};
			buildConfigurationList = 2C34EB3D293F952700F1873F /* Build configuration list for PBXProject "Api Project" */;
			compatibilityVersion = "Xcode 14.0";
			developmentRegion = en;
			hasScannedForEncodings = 0;
			knownRegions = (
				en,
				Base,
			);
			mainGroup = 2C34EB39293F952700F1873F;
			productRefGroup = 2C34EB43293F952700F1873F /* Products */;
			projectDirPath = "";
			projectRoot = "";
			targets = (
				2C34EB41293F952700F1873F /* Api Project */,
				2C34EB57293F952A00F1873F /* Api ProjectTests */,
				2C34EB61293F952A00F1873F /* Api ProjectUITests */,
			);
		};
/* End PBXProject section */

/* Begin PBXResourcesBuildPhase section */
		2C34EB40293F952700F1873F /* Resources */ = {
			isa = PBXResourcesBuildPhase;
			buildActionMask = 2147483647;
			files = (
				2C34EB52293F952900F1873F /* LaunchScreen.storyboard in Resources */,
				2C34EB4F293F952900F1873F /* Assets.xcassets in Resources */,
				2C34EB4D293F952700F1873F /* Main.storyboard in Resources */,
			);
			runOnlyForDeploymentPostprocessing = 0;
		};
		2C34EB56293F952A00F1873F /* Resources */ = {
			isa = PBXResourcesBuildPhase;
			buildActionMask = 2147483647;
			files = (
			);
			runOnlyForDeploymentPostprocessing = 0;
		};
		2C34EB60293F952A00F1873F /* Resources */ = {
			isa = PBXResourcesBuildPhase;
			buildActionMask = 2147483647;
			files = (
			);
			runOnlyForDeploymentPostprocessing = 0;
		};
/* End PBXResourcesBuildPhase section */

/* Begin PBXSourcesBuildPhase section */
		2C34EB3E293F952700F1873F /* Sources */ = {
			isa = PBXSourcesBuildPhase;
			buildActionMask = 2147483647;
			files = (
				2C14C32529423386008C9D61 /* RepresentitiveTableViewController.swift in Sources */,
				2C34EB76293F9ED200F1873F /* PhotoInfo.swift in Sources */,
				2C34EB78293F9EE400F1873F /* PhotoInfoController.swift in Sources */,
				2C34EB4A293F952700F1873F /* DogViewController.swift in Sources */,
				2C14C327294233AD008C9D61 /* RepresentitiveTableViewCell.swift in Sources */,
				2C34EB46293F952700F1873F /* AppDelegate.swift in Sources */,
				2C34EB48293F952700F1873F /* SceneDelegate.swift in Sources */,
			);
			runOnlyForDeploymentPostprocessing = 0;
		};
		2C34EB54293F952A00F1873F /* Sources */ = {
			isa = PBXSourcesBuildPhase;
			buildActionMask = 2147483647;
			files = (
				2C34EB5D293F952A00F1873F /* Api_ProjectTests.swift in Sources */,
			);
			runOnlyForDeploymentPostprocessing = 0;
		};
		2C34EB5E293F952A00F1873F /* Sources */ = {
			isa = PBXSourcesBuildPhase;
			buildActionMask = 2147483647;
			files = (
				2C34EB67293F952A00F1873F /* Api_ProjectUITests.swift in Sources */,
				2C34EB69293F952A00F1873F /* Api_ProjectUITestsLaunchTests.swift in Sources */,
			);
			runOnlyForDeploymentPostprocessing = 0;
		};
/* End PBXSourcesBuildPhase section */

/* Begin PBXTargetDependency section */
		2C34EB5A293F952A00F1873F /* PBXTargetDependency */ = {
			isa = PBXTargetDependency;
			target = 2C34EB41293F952700F1873F /* Api Project */;
			targetProxy = 2C34EB59293F952A00F1873F /* PBXContainerItemProxy */;
		};
		2C34EB64293F952A00F1873F /* PBXTargetDependency */ = {
			isa = PBXTargetDependency;
			target = 2C34EB41293F952700F1873F /* Api Project */;
			targetProxy = 2C34EB63293F952A00F1873F /* PBXContainerItemProxy */;
		};
/* End PBXTargetDependency section */

/* Begin PBXVariantGroup section */
		2C34EB4B293F952700F1873F /* Main.storyboard */ = {
			isa = PBXVariantGroup;
			children = (
				2C34EB4C293F952700F1873F /* Base */,
			);
			name = Main.storyboard;
			sourceTree = "<group>";
		};
		2C34EB50293F952900F1873F /* LaunchScreen.storyboard */ = {
			isa = PBXVariantGroup;
			children = (
				2C34EB51293F952900F1873F /* Base */,
			);
			name = LaunchScreen.storyboard;
			sourceTree = "<group>";
		};
/* End PBXVariantGroup section */

/* Begin XCBuildConfiguration section */
		2C34EB6A293F952A00F1873F /* Debug */ = {
			isa = XCBuildConfiguration;
			buildSettings = {
				ALWAYS_SEARCH_USER_PATHS = NO;
				CLANG_ANALYZER_NONNULL = YES;
				CLANG_ANALYZER_NUMBER_OBJECT_CONVERSION = YES_AGGRESSIVE;
				CLANG_CXX_LANGUAGE_STANDARD = "gnu++20";
				CLANG_ENABLE_MODULES = YES;
				CLANG_ENABLE_OBJC_ARC = YES;
				CLANG_ENABLE_OBJC_WEAK = YES;
				CLANG_WARN_BLOCK_CAPTURE_AUTORELEASING = YES;
				CLANG_WARN_BOOL_CONVERSION = YES;
				CLANG_WARN_COMMA = YES;
				CLANG_WARN_CONSTANT_CONVERSION = YES;
				CLANG_WARN_DEPRECATED_OBJC_IMPLEMENTATIONS = YES;
				CLANG_WARN_DIRECT_OBJC_ISA_USAGE = YES_ERROR;
				CLANG_WARN_DOCUMENTATION_COMMENTS = YES;
				CLANG_WARN_EMPTY_BODY = YES;
				CLANG_WARN_ENUM_CONVERSION = YES;
				CLANG_WARN_INFINITE_RECURSION = YES;
				CLANG_WARN_INT_CONVERSION = YES;
				CLANG_WARN_NON_LITERAL_NULL_CONVERSION = YES;
				CLANG_WARN_OBJC_IMPLICIT_RETAIN_SELF = YES;
				CLANG_WARN_OBJC_LITERAL_CONVERSION = YES;
				CLANG_WARN_OBJC_ROOT_CLASS = YES_ERROR;
				CLANG_WARN_QUOTED_INCLUDE_IN_FRAMEWORK_HEADER = YES;
				CLANG_WARN_RANGE_LOOP_ANALYSIS = YES;
				CLANG_WARN_STRICT_PROTOTYPES = YES;
				CLANG_WARN_SUSPICIOUS_MOVE = YES;
				CLANG_WARN_UNGUARDED_AVAILABILITY = YES_AGGRESSIVE;
				CLANG_WARN_UNREACHABLE_CODE = YES;
				CLANG_WARN__DUPLICATE_METHOD_MATCH = YES;
				COPY_PHASE_STRIP = NO;
				DEBUG_INFORMATION_FORMAT = dwarf;
				ENABLE_STRICT_OBJC_MSGSEND = YES;
				ENABLE_TESTABILITY = YES;
				GCC_C_LANGUAGE_STANDARD = gnu11;
				GCC_DYNAMIC_NO_PIC = NO;
				GCC_NO_COMMON_BLOCKS = YES;
				GCC_OPTIMIZATION_LEVEL = 0;
				GCC_PREPROCESSOR_DEFINITIONS = (
					"DEBUG=1",
					"$(inherited)",
				);
				GCC_WARN_64_TO_32_BIT_CONVERSION = YES;
				GCC_WARN_ABOUT_RETURN_TYPE = YES_ERROR;
				GCC_WARN_UNDECLARED_SELECTOR = YES;
				GCC_WARN_UNINITIALIZED_AUTOS = YES_AGGRESSIVE;
				GCC_WARN_UNUSED_FUNCTION = YES;
				GCC_WARN_UNUSED_VARIABLE = YES;
				IPHONEOS_DEPLOYMENT_TARGET = 16.1;
				MTL_ENABLE_DEBUG_INFO = INCLUDE_SOURCE;
				MTL_FAST_MATH = YES;
				ONLY_ACTIVE_ARCH = YES;
				SDKROOT = iphoneos;
				SWIFT_ACTIVE_COMPILATION_CONDITIONS = DEBUG;
				SWIFT_OPTIMIZATION_LEVEL = "-Onone";
			};
			name = Debug;
		};
		2C34EB6B293F952A00F1873F /* Release */ = {
			isa = XCBuildConfiguration;
			buildSettings = {
				ALWAYS_SEARCH_USER_PATHS = NO;
				CLANG_ANALYZER_NONNULL = YES;
				CLANG_ANALYZER_NUMBER_OBJECT_CONVERSION = YES_AGGRESSIVE;
				CLANG_CXX_LANGUAGE_STANDARD = "gnu++20";
				CLANG_ENABLE_MODULES = YES;
				CLANG_ENABLE_OBJC_ARC = YES;
				CLANG_ENABLE_OBJC_WEAK = YES;
				CLANG_WARN_BLOCK_CAPTURE_AUTORELEASING = YES;
				CLANG_WARN_BOOL_CONVERSION = YES;
				CLANG_WARN_COMMA = YES;
				CLANG_WARN_CONSTANT_CONVERSION = YES;
				CLANG_WARN_DEPRECATED_OBJC_IMPLEMENTATIONS = YES;
				CLANG_WARN_DIRECT_OBJC_ISA_USAGE = YES_ERROR;
				CLANG_WARN_DOCUMENTATION_COMMENTS = YES;
				CLANG_WARN_EMPTY_BODY = YES;
				CLANG_WARN_ENUM_CONVERSION = YES;
				CLANG_WARN_INFINITE_RECURSION = YES;
				CLANG_WARN_INT_CONVERSION = YES;
				CLANG_WARN_NON_LITERAL_NULL_CONVERSION = YES;
				CLANG_WARN_OBJC_IMPLICIT_RETAIN_SELF = YES;
				CLANG_WARN_OBJC_LITERAL_CONVERSION = YES;
				CLANG_WARN_OBJC_ROOT_CLASS = YES_ERROR;
				CLANG_WARN_QUOTED_INCLUDE_IN_FRAMEWORK_HEADER = YES;
				CLANG_WARN_RANGE_LOOP_ANALYSIS = YES;
				CLANG_WARN_STRICT_PROTOTYPES = YES;
				CLANG_WARN_SUSPICIOUS_MOVE = YES;
				CLANG_WARN_UNGUARDED_AVAILABILITY = YES_AGGRESSIVE;
				CLANG_WARN_UNREACHABLE_CODE = YES;
				CLANG_WARN__DUPLICATE_METHOD_MATCH = YES;
				COPY_PHASE_STRIP = NO;
				DEBUG_INFORMATION_FORMAT = "dwarf-with-dsym";
				ENABLE_NS_ASSERTIONS = NO;
				ENABLE_STRICT_OBJC_MSGSEND = YES;
				GCC_C_LANGUAGE_STANDARD = gnu11;
				GCC_NO_COMMON_BLOCKS = YES;
				GCC_WARN_64_TO_32_BIT_CONVERSION = YES;
				GCC_WARN_ABOUT_RETURN_TYPE = YES_ERROR;
				GCC_WARN_UNDECLARED_SELECTOR = YES;
				GCC_WARN_UNINITIALIZED_AUTOS = YES_AGGRESSIVE;
				GCC_WARN_UNUSED_FUNCTION = YES;
				GCC_WARN_UNUSED_VARIABLE = YES;
				IPHONEOS_DEPLOYMENT_TARGET = 16.1;
				MTL_ENABLE_DEBUG_INFO = NO;
				MTL_FAST_MATH = YES;
				SDKROOT = iphoneos;
				SWIFT_COMPILATION_MODE = wholemodule;
				SWIFT_OPTIMIZATION_LEVEL = "-O";
				VALIDATE_PRODUCT = YES;
			};
			name = Release;
		};
		2C34EB6D293F952A00F1873F /* Debug */ = {
			isa = XCBuildConfiguration;
			buildSettings = {
				ASSETCATALOG_COMPILER_APPICON_NAME = AppIcon;
				ASSETCATALOG_COMPILER_GLOBAL_ACCENT_COLOR_NAME = AccentColor;
				CODE_SIGN_STYLE = Automatic;
				CURRENT_PROJECT_VERSION = 1;
				DEVELOPMENT_TEAM = T2XZHNLKT5;
				GENERATE_INFOPLIST_FILE = YES;
				INFOPLIST_FILE = "Api Project/Info.plist";
				INFOPLIST_KEY_UIApplicationSupportsIndirectInputEvents = YES;
				INFOPLIST_KEY_UILaunchStoryboardName = LaunchScreen;
				INFOPLIST_KEY_UIMainStoryboardFile = Main;
				INFOPLIST_KEY_UISupportedInterfaceOrientations_iPad = "UIInterfaceOrientationPortrait UIInterfaceOrientationPortraitUpsideDown UIInterfaceOrientationLandscapeLeft UIInterfaceOrientationLandscapeRight";
				INFOPLIST_KEY_UISupportedInterfaceOrientations_iPhone = "UIInterfaceOrientationPortrait UIInterfaceOrientationLandscapeLeft UIInterfaceOrientationLandscapeRight";
				LD_RUNPATH_SEARCH_PATHS = (
					"$(inherited)",
					"@executable_path/Frameworks",
				);
				MARKETING_VERSION = 1.0;
				PRODUCT_BUNDLE_IDENTIFIER = "e.Api-Project";
				PRODUCT_NAME = "$(TARGET_NAME)";
				SWIFT_EMIT_LOC_STRINGS = YES;
				SWIFT_VERSION = 5.0;
				TARGETED_DEVICE_FAMILY = "1,2";
			};
			name = Debug;
		};
		2C34EB6E293F952A00F1873F /* Release */ = {
			isa = XCBuildConfiguration;
			buildSettings = {
				ASSETCATALOG_COMPILER_APPICON_NAME = AppIcon;
				ASSETCATALOG_COMPILER_GLOBAL_ACCENT_COLOR_NAME = AccentColor;
				CODE_SIGN_STYLE = Automatic;
				CURRENT_PROJECT_VERSION = 1;
				DEVELOPMENT_TEAM = T2XZHNLKT5;
				GENERATE_INFOPLIST_FILE = YES;
				INFOPLIST_FILE = "Api Project/Info.plist";
				INFOPLIST_KEY_UIApplicationSupportsIndirectInputEvents = YES;
				INFOPLIST_KEY_UILaunchStoryboardName = LaunchScreen;
				INFOPLIST_KEY_UIMainStoryboardFile = Main;
				INFOPLIST_KEY_UISupportedInterfaceOrientations_iPad = "UIInterfaceOrientationPortrait UIInterfaceOrientationPortraitUpsideDown UIInterfaceOrientationLandscapeLeft UIInterfaceOrientationLandscapeRight";
				INFOPLIST_KEY_UISupportedInterfaceOrientations_iPhone = "UIInterfaceOrientationPortrait UIInterfaceOrientationLandscapeLeft UIInterfaceOrientationLandscapeRight";
				LD_RUNPATH_SEARCH_PATHS = (
					"$(inherited)",
					"@executable_path/Frameworks",
				);
				MARKETING_VERSION = 1.0;
				PRODUCT_BUNDLE_IDENTIFIER = "e.Api-Project";
				PRODUCT_NAME = "$(TARGET_NAME)";
				SWIFT_EMIT_LOC_STRINGS = YES;
				SWIFT_VERSION = 5.0;
				TARGETED_DEVICE_FAMILY = "1,2";
			};
			name = Release;
		};
		2C34EB70293F952A00F1873F /* Debug */ = {
			isa = XCBuildConfiguration;
			buildSettings = {
				ALWAYS_EMBED_SWIFT_STANDARD_LIBRARIES = YES;
				BUNDLE_LOADER = "$(TEST_HOST)";
				CODE_SIGN_STYLE = Automatic;
				CURRENT_PROJECT_VERSION = 1;
				DEVELOPMENT_TEAM = T2XZHNLKT5;
				GENERATE_INFOPLIST_FILE = YES;
				IPHONEOS_DEPLOYMENT_TARGET = 16.1;
				MARKETING_VERSION = 1.0;
				PRODUCT_BUNDLE_IDENTIFIER = "e.Api-ProjectTests";
				PRODUCT_NAME = "$(TARGET_NAME)";
				SWIFT_EMIT_LOC_STRINGS = NO;
				SWIFT_VERSION = 5.0;
				TARGETED_DEVICE_FAMILY = "1,2";
				TEST_HOST = "$(BUILT_PRODUCTS_DIR)/Api Project.app/$(BUNDLE_EXECUTABLE_FOLDER_PATH)/Api Project";
			};
			name = Debug;
		};
		2C34EB71293F952A00F1873F /* Release */ = {
			isa = XCBuildConfiguration;
			buildSettings = {
				ALWAYS_EMBED_SWIFT_STANDARD_LIBRARIES = YES;
				BUNDLE_LOADER = "$(TEST_HOST)";
				CODE_SIGN_STYLE = Automatic;
				CURRENT_PROJECT_VERSION = 1;
				DEVELOPMENT_TEAM = T2XZHNLKT5;
				GENERATE_INFOPLIST_FILE = YES;
				IPHONEOS_DEPLOYMENT_TARGET = 16.1;
				MARKETING_VERSION = 1.0;
				PRODUCT_BUNDLE_IDENTIFIER = "e.Api-ProjectTests";
				PRODUCT_NAME = "$(TARGET_NAME)";
				SWIFT_EMIT_LOC_STRINGS = NO;
				SWIFT_VERSION = 5.0;
				TARGETED_DEVICE_FAMILY = "1,2";
				TEST_HOST = "$(BUILT_PRODUCTS_DIR)/Api Project.app/$(BUNDLE_EXECUTABLE_FOLDER_PATH)/Api Project";
			};
			name = Release;
		};
		2C34EB73293F952A00F1873F /* Debug */ = {
			isa = XCBuildConfiguration;
			buildSettings = {
				ALWAYS_EMBED_SWIFT_STANDARD_LIBRARIES = YES;
				CODE_SIGN_STYLE = Automatic;
				CURRENT_PROJECT_VERSION = 1;
				DEVELOPMENT_TEAM = T2XZHNLKT5;
				GENERATE_INFOPLIST_FILE = YES;
				MARKETING_VERSION = 1.0;
				PRODUCT_BUNDLE_IDENTIFIER = "e.Api-ProjectUITests";
				PRODUCT_NAME = "$(TARGET_NAME)";
				SWIFT_EMIT_LOC_STRINGS = NO;
				SWIFT_VERSION = 5.0;
				TARGETED_DEVICE_FAMILY = "1,2";
				TEST_TARGET_NAME = "Api Project";
			};
			name = Debug;
		};
		2C34EB74293F952A00F1873F /* Release */ = {
			isa = XCBuildConfiguration;
			buildSettings = {
				ALWAYS_EMBED_SWIFT_STANDARD_LIBRARIES = YES;
				CODE_SIGN_STYLE = Automatic;
				CURRENT_PROJECT_VERSION = 1;
				DEVELOPMENT_TEAM = T2XZHNLKT5;
				GENERATE_INFOPLIST_FILE = YES;
				MARKETING_VERSION = 1.0;
				PRODUCT_BUNDLE_IDENTIFIER = "e.Api-ProjectUITests";
				PRODUCT_NAME = "$(TARGET_NAME)";
				SWIFT_EMIT_LOC_STRINGS = NO;
				SWIFT_VERSION = 5.0;
				TARGETED_DEVICE_FAMILY = "1,2";
				TEST_TARGET_NAME = "Api Project";
			};
			name = Release;
		};
/* End XCBuildConfiguration section */

/* Begin XCConfigurationList section */
		2C34EB3D293F952700F1873F /* Build configuration list for PBXProject "Api Project" */ = {
			isa = XCConfigurationList;
			buildConfigurations = (
				2C34EB6A293F952A00F1873F /* Debug */,
				2C34EB6B293F952A00F1873F /* Release */,
			);
			defaultConfigurationIsVisible = 0;
			defaultConfigurationName = Release;
		};
		2C34EB6C293F952A00F1873F /* Build configuration list for PBXNativeTarget "Api Project" */ = {
			isa = XCConfigurationList;
			buildConfigurations = (
				2C34EB6D293F952A00F1873F /* Debug */,
				2C34EB6E293F952A00F1873F /* Release */,
			);
			defaultConfigurationIsVisible = 0;
			defaultConfigurationName = Release;
		};
		2C34EB6F293F952A00F1873F /* Build configuration list for PBXNativeTarget "Api ProjectTests" */ = {
			isa = XCConfigurationList;
			buildConfigurations = (
				2C34EB70293F952A00F1873F /* Debug */,
				2C34EB71293F952A00F1873F /* Release */,
			);
			defaultConfigurationIsVisible = 0;
			defaultConfigurationName = Release;
		};
		2C34EB72293F952A00F1873F /* Build configuration list for PBXNativeTarget "Api ProjectUITests" */ = {
			isa = XCConfigurationList;
			buildConfigurations = (
				2C34EB73293F952A00F1873F /* Debug */,
				2C34EB74293F952A00F1873F /* Release */,
			);
			defaultConfigurationIsVisible = 0;
			defaultConfigurationName = Release;
		};
/* End XCConfigurationList section */
	};
	rootObject = 2C34EB3A293F952700F1873F /* Project object */;
}
