// !$*UTF8*$!
{
	archiveVersion = 1;
	classes = {
	};
	objectVersion = 56;
	objects = {

/* Begin PBXBuildFile section */
		2CF5148828FEEA6D0096F011 /* AppDelegate.swift in Sources */ = {isa = PBXBuildFile; fileRef = 2CF5148728FEEA6D0096F011 /* AppDelegate.swift */; };
		2CF5148A28FEEA6D0096F011 /* SceneDelegate.swift in Sources */ = {isa = PBXBuildFile; fileRef = 2CF5148928FEEA6D0096F011 /* SceneDelegate.swift */; };
		2CF5148F28FEEA6D0096F011 /* Main.storyboard in Resources */ = {isa = PBXBuildFile; fileRef = 2CF5148D28FEEA6D0096F011 /* Main.storyboard */; };
		2CF5149128FEEA6E0096F011 /* Assets.xcassets in Resources */ = {isa = PBXBuildFile; fileRef = 2CF5149028FEEA6E0096F011 /* Assets.xcassets */; };
		2CF5149428FEEA6E0096F011 /* LaunchScreen.storyboard in Resources */ = {isa = PBXBuildFile; fileRef = 2CF5149228FEEA6E0096F011 /* LaunchScreen.storyboard */; };
		2CF5149F28FEEA6F0096F011 /* EmojiDictionaryTests.swift in Sources */ = {isa = PBXBuildFile; fileRef = 2CF5149E28FEEA6F0096F011 /* EmojiDictionaryTests.swift */; };
		2CF514A928FEEA6F0096F011 /* EmojiDictionaryUITests.swift in Sources */ = {isa = PBXBuildFile; fileRef = 2CF514A828FEEA6F0096F011 /* EmojiDictionaryUITests.swift */; };
		2CF514AB28FEEA6F0096F011 /* EmojiDictionaryUITestsLaunchTests.swift in Sources */ = {isa = PBXBuildFile; fileRef = 2CF514AA28FEEA6F0096F011 /* EmojiDictionaryUITestsLaunchTests.swift */; };
		2CF514B828FEEC560096F011 /* Emoji.swift in Sources */ = {isa = PBXBuildFile; fileRef = 2CF514B728FEEC560096F011 /* Emoji.swift */; };
		2CF514BA28FEED8B0096F011 /* EmojiTableViewController.swift in Sources */ = {isa = PBXBuildFile; fileRef = 2CF514B928FEED8B0096F011 /* EmojiTableViewController.swift */; };
/* End PBXBuildFile section */

/* Begin PBXContainerItemProxy section */
		2CF5149B28FEEA6F0096F011 /* PBXContainerItemProxy */ = {
			isa = PBXContainerItemProxy;
			containerPortal = 2CF5147C28FEEA6D0096F011 /* Project object */;
			proxyType = 1;
			remoteGlobalIDString = 2CF5148328FEEA6D0096F011;
			remoteInfo = EmojiDictionary;
		};
		2CF514A528FEEA6F0096F011 /* PBXContainerItemProxy */ = {
			isa = PBXContainerItemProxy;
			containerPortal = 2CF5147C28FEEA6D0096F011 /* Project object */;
			proxyType = 1;
			remoteGlobalIDString = 2CF5148328FEEA6D0096F011;
			remoteInfo = EmojiDictionary;
		};
/* End PBXContainerItemProxy section */

/* Begin PBXFileReference section */
		2CF5148428FEEA6D0096F011 /* EmojiDictionary.app */ = {isa = PBXFileReference; explicitFileType = wrapper.application; includeInIndex = 0; path = EmojiDictionary.app; sourceTree = BUILT_PRODUCTS_DIR; };
		2CF5148728FEEA6D0096F011 /* AppDelegate.swift */ = {isa = PBXFileReference; lastKnownFileType = sourcecode.swift; path = AppDelegate.swift; sourceTree = "<group>"; };
		2CF5148928FEEA6D0096F011 /* SceneDelegate.swift */ = {isa = PBXFileReference; lastKnownFileType = sourcecode.swift; path = SceneDelegate.swift; sourceTree = "<group>"; };
		2CF5148E28FEEA6D0096F011 /* Base */ = {isa = PBXFileReference; lastKnownFileType = file.storyboard; name = Base; path = Base.lproj/Main.storyboard; sourceTree = "<group>"; };
		2CF5149028FEEA6E0096F011 /* Assets.xcassets */ = {isa = PBXFileReference; lastKnownFileType = folder.assetcatalog; path = Assets.xcassets; sourceTree = "<group>"; };
		2CF5149328FEEA6E0096F011 /* Base */ = {isa = PBXFileReference; lastKnownFileType = file.storyboard; name = Base; path = Base.lproj/LaunchScreen.storyboard; sourceTree = "<group>"; };
		2CF5149528FEEA6E0096F011 /* Info.plist */ = {isa = PBXFileReference; lastKnownFileType = text.plist.xml; path = Info.plist; sourceTree = "<group>"; };
		2CF5149A28FEEA6F0096F011 /* EmojiDictionaryTests.xctest */ = {isa = PBXFileReference; explicitFileType = wrapper.cfbundle; includeInIndex = 0; path = EmojiDictionaryTests.xctest; sourceTree = BUILT_PRODUCTS_DIR; };
		2CF5149E28FEEA6F0096F011 /* EmojiDictionaryTests.swift */ = {isa = PBXFileReference; lastKnownFileType = sourcecode.swift; path = EmojiDictionaryTests.swift; sourceTree = "<group>"; };
		2CF514A428FEEA6F0096F011 /* EmojiDictionaryUITests.xctest */ = {isa = PBXFileReference; explicitFileType = wrapper.cfbundle; includeInIndex = 0; path = EmojiDictionaryUITests.xctest; sourceTree = BUILT_PRODUCTS_DIR; };
		2CF514A828FEEA6F0096F011 /* EmojiDictionaryUITests.swift */ = {isa = PBXFileReference; lastKnownFileType = sourcecode.swift; path = EmojiDictionaryUITests.swift; sourceTree = "<group>"; };
		2CF514AA28FEEA6F0096F011 /* EmojiDictionaryUITestsLaunchTests.swift */ = {isa = PBXFileReference; lastKnownFileType = sourcecode.swift; path = EmojiDictionaryUITestsLaunchTests.swift; sourceTree = "<group>"; };
		2CF514B728FEEC560096F011 /* Emoji.swift */ = {isa = PBXFileReference; lastKnownFileType = sourcecode.swift; path = Emoji.swift; sourceTree = "<group>"; };
		2CF514B928FEED8B0096F011 /* EmojiTableViewController.swift */ = {isa = PBXFileReference; lastKnownFileType = sourcecode.swift; path = EmojiTableViewController.swift; sourceTree = "<group>"; };
/* End PBXFileReference section */

/* Begin PBXFrameworksBuildPhase section */
		2CF5148128FEEA6D0096F011 /* Frameworks */ = {
			isa = PBXFrameworksBuildPhase;
			buildActionMask = 2147483647;
			files = (
			);
			runOnlyForDeploymentPostprocessing = 0;
		};
		2CF5149728FEEA6F0096F011 /* Frameworks */ = {
			isa = PBXFrameworksBuildPhase;
			buildActionMask = 2147483647;
			files = (
			);
			runOnlyForDeploymentPostprocessing = 0;
		};
		2CF514A128FEEA6F0096F011 /* Frameworks */ = {
			isa = PBXFrameworksBuildPhase;
			buildActionMask = 2147483647;
			files = (
			);
			runOnlyForDeploymentPostprocessing = 0;
		};
/* End PBXFrameworksBuildPhase section */

/* Begin PBXGroup section */
		2CF5147B28FEEA6D0096F011 = {
			isa = PBXGroup;
			children = (
				2CF5148628FEEA6D0096F011 /* EmojiDictionary */,
				2CF5149D28FEEA6F0096F011 /* EmojiDictionaryTests */,
				2CF514A728FEEA6F0096F011 /* EmojiDictionaryUITests */,
				2CF5148528FEEA6D0096F011 /* Products */,
			);
			sourceTree = "<group>";
		};
		2CF5148528FEEA6D0096F011 /* Products */ = {
			isa = PBXGroup;
			children = (
				2CF5148428FEEA6D0096F011 /* EmojiDictionary.app */,
				2CF5149A28FEEA6F0096F011 /* EmojiDictionaryTests.xctest */,
				2CF514A428FEEA6F0096F011 /* EmojiDictionaryUITests.xctest */,
			);
			name = Products;
			sourceTree = "<group>";
		};
		2CF5148628FEEA6D0096F011 /* EmojiDictionary */ = {
			isa = PBXGroup;
			children = (
				2CF5148728FEEA6D0096F011 /* AppDelegate.swift */,
				2CF5148928FEEA6D0096F011 /* SceneDelegate.swift */,
				2CF5148D28FEEA6D0096F011 /* Main.storyboard */,
				2CF514B728FEEC560096F011 /* Emoji.swift */,
				2CF514B928FEED8B0096F011 /* EmojiTableViewController.swift */,
				2CF5149028FEEA6E0096F011 /* Assets.xcassets */,
				2CF5149228FEEA6E0096F011 /* LaunchScreen.storyboard */,
				2CF5149528FEEA6E0096F011 /* Info.plist */,
			);
			path = EmojiDictionary;
			sourceTree = "<group>";
		};
		2CF5149D28FEEA6F0096F011 /* EmojiDictionaryTests */ = {
			isa = PBXGroup;
			children = (
				2CF5149E28FEEA6F0096F011 /* EmojiDictionaryTests.swift */,
			);
			path = EmojiDictionaryTests;
			sourceTree = "<group>";
		};
		2CF514A728FEEA6F0096F011 /* EmojiDictionaryUITests */ = {
			isa = PBXGroup;
			children = (
				2CF514A828FEEA6F0096F011 /* EmojiDictionaryUITests.swift */,
				2CF514AA28FEEA6F0096F011 /* EmojiDictionaryUITestsLaunchTests.swift */,
			);
			path = EmojiDictionaryUITests;
			sourceTree = "<group>";
		};
/* End PBXGroup section */

/* Begin PBXNativeTarget section */
		2CF5148328FEEA6D0096F011 /* EmojiDictionary */ = {
			isa = PBXNativeTarget;
			buildConfigurationList = 2CF514AE28FEEA6F0096F011 /* Build configuration list for PBXNativeTarget "EmojiDictionary" */;
			buildPhases = (
				2CF5148028FEEA6D0096F011 /* Sources */,
				2CF5148128FEEA6D0096F011 /* Frameworks */,
				2CF5148228FEEA6D0096F011 /* Resources */,
			);
			buildRules = (
			);
			dependencies = (
			);
			name = EmojiDictionary;
			productName = EmojiDictionary;
			productReference = 2CF5148428FEEA6D0096F011 /* EmojiDictionary.app */;
			productType = "com.apple.product-type.application";
		};
		2CF5149928FEEA6F0096F011 /* EmojiDictionaryTests */ = {
			isa = PBXNativeTarget;
			buildConfigurationList = 2CF514B128FEEA6F0096F011 /* Build configuration list for PBXNativeTarget "EmojiDictionaryTests" */;
			buildPhases = (
				2CF5149628FEEA6F0096F011 /* Sources */,
				2CF5149728FEEA6F0096F011 /* Frameworks */,
				2CF5149828FEEA6F0096F011 /* Resources */,
			);
			buildRules = (
			);
			dependencies = (
				2CF5149C28FEEA6F0096F011 /* PBXTargetDependency */,
			);
			name = EmojiDictionaryTests;
			productName = EmojiDictionaryTests;
			productReference = 2CF5149A28FEEA6F0096F011 /* EmojiDictionaryTests.xctest */;
			productType = "com.apple.product-type.bundle.unit-test";
		};
		2CF514A328FEEA6F0096F011 /* EmojiDictionaryUITests */ = {
			isa = PBXNativeTarget;
			buildConfigurationList = 2CF514B428FEEA6F0096F011 /* Build configuration list for PBXNativeTarget "EmojiDictionaryUITests" */;
			buildPhases = (
				2CF514A028FEEA6F0096F011 /* Sources */,
				2CF514A128FEEA6F0096F011 /* Frameworks */,
				2CF514A228FEEA6F0096F011 /* Resources */,
			);
			buildRules = (
			);
			dependencies = (
				2CF514A628FEEA6F0096F011 /* PBXTargetDependency */,
			);
			name = EmojiDictionaryUITests;
			productName = EmojiDictionaryUITests;
			productReference = 2CF514A428FEEA6F0096F011 /* EmojiDictionaryUITests.xctest */;
			productType = "com.apple.product-type.bundle.ui-testing";
		};
/* End PBXNativeTarget section */

/* Begin PBXProject section */
		2CF5147C28FEEA6D0096F011 /* Project object */ = {
			isa = PBXProject;
			attributes = {
				BuildIndependentTargetsInParallel = 1;
				LastSwiftUpdateCheck = 1400;
				LastUpgradeCheck = 1400;
				TargetAttributes = {
					2CF5148328FEEA6D0096F011 = {
						CreatedOnToolsVersion = 14.0.1;
					};
					2CF5149928FEEA6F0096F011 = {
						CreatedOnToolsVersion = 14.0.1;
						TestTargetID = 2CF5148328FEEA6D0096F011;
					};
					2CF514A328FEEA6F0096F011 = {
						CreatedOnToolsVersion = 14.0.1;
						TestTargetID = 2CF5148328FEEA6D0096F011;
					};
				};
			};
			buildConfigurationList = 2CF5147F28FEEA6D0096F011 /* Build configuration list for PBXProject "EmojiDictionary" */;
			compatibilityVersion = "Xcode 14.0";
			developmentRegion = en;
			hasScannedForEncodings = 0;
			knownRegions = (
				en,
				Base,
			);
			mainGroup = 2CF5147B28FEEA6D0096F011;
			productRefGroup = 2CF5148528FEEA6D0096F011 /* Products */;
			projectDirPath = "";
			projectRoot = "";
			targets = (
				2CF5148328FEEA6D0096F011 /* EmojiDictionary */,
				2CF5149928FEEA6F0096F011 /* EmojiDictionaryTests */,
				2CF514A328FEEA6F0096F011 /* EmojiDictionaryUITests */,
			);
		};
/* End PBXProject section */

/* Begin PBXResourcesBuildPhase section */
		2CF5148228FEEA6D0096F011 /* Resources */ = {
			isa = PBXResourcesBuildPhase;
			buildActionMask = 2147483647;
			files = (
				2CF5149428FEEA6E0096F011 /* LaunchScreen.storyboard in Resources */,
				2CF5149128FEEA6E0096F011 /* Assets.xcassets in Resources */,
				2CF5148F28FEEA6D0096F011 /* Main.storyboard in Resources */,
			);
			runOnlyForDeploymentPostprocessing = 0;
		};
		2CF5149828FEEA6F0096F011 /* Resources */ = {
			isa = PBXResourcesBuildPhase;
			buildActionMask = 2147483647;
			files = (
			);
			runOnlyForDeploymentPostprocessing = 0;
		};
		2CF514A228FEEA6F0096F011 /* Resources */ = {
			isa = PBXResourcesBuildPhase;
			buildActionMask = 2147483647;
			files = (
			);
			runOnlyForDeploymentPostprocessing = 0;
		};
/* End PBXResourcesBuildPhase section */

/* Begin PBXSourcesBuildPhase section */
		2CF5148028FEEA6D0096F011 /* Sources */ = {
			isa = PBXSourcesBuildPhase;
			buildActionMask = 2147483647;
			files = (
				2CF514BA28FEED8B0096F011 /* EmojiTableViewController.swift in Sources */,
				2CF514B828FEEC560096F011 /* Emoji.swift in Sources */,
				2CF5148828FEEA6D0096F011 /* AppDelegate.swift in Sources */,
				2CF5148A28FEEA6D0096F011 /* SceneDelegate.swift in Sources */,
			);
			runOnlyForDeploymentPostprocessing = 0;
		};
		2CF5149628FEEA6F0096F011 /* Sources */ = {
			isa = PBXSourcesBuildPhase;
			buildActionMask = 2147483647;
			files = (
				2CF5149F28FEEA6F0096F011 /* EmojiDictionaryTests.swift in Sources */,
			);
			runOnlyForDeploymentPostprocessing = 0;
		};
		2CF514A028FEEA6F0096F011 /* Sources */ = {
			isa = PBXSourcesBuildPhase;
			buildActionMask = 2147483647;
			files = (
				2CF514A928FEEA6F0096F011 /* EmojiDictionaryUITests.swift in Sources */,
				2CF514AB28FEEA6F0096F011 /* EmojiDictionaryUITestsLaunchTests.swift in Sources */,
			);
			runOnlyForDeploymentPostprocessing = 0;
		};
/* End PBXSourcesBuildPhase section */

/* Begin PBXTargetDependency section */
		2CF5149C28FEEA6F0096F011 /* PBXTargetDependency */ = {
			isa = PBXTargetDependency;
			target = 2CF5148328FEEA6D0096F011 /* EmojiDictionary */;
			targetProxy = 2CF5149B28FEEA6F0096F011 /* PBXContainerItemProxy */;
		};
		2CF514A628FEEA6F0096F011 /* PBXTargetDependency */ = {
			isa = PBXTargetDependency;
			target = 2CF5148328FEEA6D0096F011 /* EmojiDictionary */;
			targetProxy = 2CF514A528FEEA6F0096F011 /* PBXContainerItemProxy */;
		};
/* End PBXTargetDependency section */

/* Begin PBXVariantGroup section */
		2CF5148D28FEEA6D0096F011 /* Main.storyboard */ = {
			isa = PBXVariantGroup;
			children = (
				2CF5148E28FEEA6D0096F011 /* Base */,
			);
			name = Main.storyboard;
			sourceTree = "<group>";
		};
		2CF5149228FEEA6E0096F011 /* LaunchScreen.storyboard */ = {
			isa = PBXVariantGroup;
			children = (
				2CF5149328FEEA6E0096F011 /* Base */,
			);
			name = LaunchScreen.storyboard;
			sourceTree = "<group>";
		};
/* End PBXVariantGroup section */

/* Begin XCBuildConfiguration section */
		2CF514AC28FEEA6F0096F011 /* Debug */ = {
			isa = XCBuildConfiguration;
			buildSettings = {
				ALWAYS_SEARCH_USER_PATHS = NO;
				CLANG_ANALYZER_NONNULL = YES;
				CLANG_ANALYZER_NUMBER_OBJECT_CONVERSION = YES_AGGRESSIVE;
				CLANG_CXX_LANGUAGE_STANDARD = "gnu++20";
				CLANG_ENABLE_MODULES = YES;
				CLANG_ENABLE_OBJC_ARC = YES;
				CLANG_ENABLE_OBJC_WEAK = YES;
				CLANG_WARN_BLOCK_CAPTURE_AUTORELEASING = YES;
				CLANG_WARN_BOOL_CONVERSION = YES;
				CLANG_WARN_COMMA = YES;
				CLANG_WARN_CONSTANT_CONVERSION = YES;
				CLANG_WARN_DEPRECATED_OBJC_IMPLEMENTATIONS = YES;
				CLANG_WARN_DIRECT_OBJC_ISA_USAGE = YES_ERROR;
				CLANG_WARN_DOCUMENTATION_COMMENTS = YES;
				CLANG_WARN_EMPTY_BODY = YES;
				CLANG_WARN_ENUM_CONVERSION = YES;
				CLANG_WARN_INFINITE_RECURSION = YES;
				CLANG_WARN_INT_CONVERSION = YES;
				CLANG_WARN_NON_LITERAL_NULL_CONVERSION = YES;
				CLANG_WARN_OBJC_IMPLICIT_RETAIN_SELF = YES;
				CLANG_WARN_OBJC_LITERAL_CONVERSION = YES;
				CLANG_WARN_OBJC_ROOT_CLASS = YES_ERROR;
				CLANG_WARN_QUOTED_INCLUDE_IN_FRAMEWORK_HEADER = YES;
				CLANG_WARN_RANGE_LOOP_ANALYSIS = YES;
				CLANG_WARN_STRICT_PROTOTYPES = YES;
				CLANG_WARN_SUSPICIOUS_MOVE = YES;
				CLANG_WARN_UNGUARDED_AVAILABILITY = YES_AGGRESSIVE;
				CLANG_WARN_UNREACHABLE_CODE = YES;
				CLANG_WARN__DUPLICATE_METHOD_MATCH = YES;
				COPY_PHASE_STRIP = NO;
				DEBUG_INFORMATION_FORMAT = dwarf;
				ENABLE_STRICT_OBJC_MSGSEND = YES;
				ENABLE_TESTABILITY = YES;
				GCC_C_LANGUAGE_STANDARD = gnu11;
				GCC_DYNAMIC_NO_PIC = NO;
				GCC_NO_COMMON_BLOCKS = YES;
				GCC_OPTIMIZATION_LEVEL = 0;
				GCC_PREPROCESSOR_DEFINITIONS = (
					"DEBUG=1",
					"$(inherited)",
				);
				GCC_WARN_64_TO_32_BIT_CONVERSION = YES;
				GCC_WARN_ABOUT_RETURN_TYPE = YES_ERROR;
				GCC_WARN_UNDECLARED_SELECTOR = YES;
				GCC_WARN_UNINITIALIZED_AUTOS = YES_AGGRESSIVE;
				GCC_WARN_UNUSED_FUNCTION = YES;
				GCC_WARN_UNUSED_VARIABLE = YES;
				IPHONEOS_DEPLOYMENT_TARGET = 16.0;
				MTL_ENABLE_DEBUG_INFO = INCLUDE_SOURCE;
				MTL_FAST_MATH = YES;
				ONLY_ACTIVE_ARCH = YES;
				SDKROOT = iphoneos;
				SWIFT_ACTIVE_COMPILATION_CONDITIONS = DEBUG;
				SWIFT_OPTIMIZATION_LEVEL = "-Onone";
			};
			name = Debug;
		};
		2CF514AD28FEEA6F0096F011 /* Release */ = {
			isa = XCBuildConfiguration;
			buildSettings = {
				ALWAYS_SEARCH_USER_PATHS = NO;
				CLANG_ANALYZER_NONNULL = YES;
				CLANG_ANALYZER_NUMBER_OBJECT_CONVERSION = YES_AGGRESSIVE;
				CLANG_CXX_LANGUAGE_STANDARD = "gnu++20";
				CLANG_ENABLE_MODULES = YES;
				CLANG_ENABLE_OBJC_ARC = YES;
				CLANG_ENABLE_OBJC_WEAK = YES;
				CLANG_WARN_BLOCK_CAPTURE_AUTORELEASING = YES;
				CLANG_WARN_BOOL_CONVERSION = YES;
				CLANG_WARN_COMMA = YES;
				CLANG_WARN_CONSTANT_CONVERSION = YES;
				CLANG_WARN_DEPRECATED_OBJC_IMPLEMENTATIONS = YES;
				CLANG_WARN_DIRECT_OBJC_ISA_USAGE = YES_ERROR;
				CLANG_WARN_DOCUMENTATION_COMMENTS = YES;
				CLANG_WARN_EMPTY_BODY = YES;
				CLANG_WARN_ENUM_CONVERSION = YES;
				CLANG_WARN_INFINITE_RECURSION = YES;
				CLANG_WARN_INT_CONVERSION = YES;
				CLANG_WARN_NON_LITERAL_NULL_CONVERSION = YES;
				CLANG_WARN_OBJC_IMPLICIT_RETAIN_SELF = YES;
				CLANG_WARN_OBJC_LITERAL_CONVERSION = YES;
				CLANG_WARN_OBJC_ROOT_CLASS = YES_ERROR;
				CLANG_WARN_QUOTED_INCLUDE_IN_FRAMEWORK_HEADER = YES;
				CLANG_WARN_RANGE_LOOP_ANALYSIS = YES;
				CLANG_WARN_STRICT_PROTOTYPES = YES;
				CLANG_WARN_SUSPICIOUS_MOVE = YES;
				CLANG_WARN_UNGUARDED_AVAILABILITY = YES_AGGRESSIVE;
				CLANG_WARN_UNREACHABLE_CODE = YES;
				CLANG_WARN__DUPLICATE_METHOD_MATCH = YES;
				COPY_PHASE_STRIP = NO;
				DEBUG_INFORMATION_FORMAT = "dwarf-with-dsym";
				ENABLE_NS_ASSERTIONS = NO;
				ENABLE_STRICT_OBJC_MSGSEND = YES;
				GCC_C_LANGUAGE_STANDARD = gnu11;
				GCC_NO_COMMON_BLOCKS = YES;
				GCC_WARN_64_TO_32_BIT_CONVERSION = YES;
				GCC_WARN_ABOUT_RETURN_TYPE = YES_ERROR;
				GCC_WARN_UNDECLARED_SELECTOR = YES;
				GCC_WARN_UNINITIALIZED_AUTOS = YES_AGGRESSIVE;
				GCC_WARN_UNUSED_FUNCTION = YES;
				GCC_WARN_UNUSED_VARIABLE = YES;
				IPHONEOS_DEPLOYMENT_TARGET = 16.0;
				MTL_ENABLE_DEBUG_INFO = NO;
				MTL_FAST_MATH = YES;
				SDKROOT = iphoneos;
				SWIFT_COMPILATION_MODE = wholemodule;
				SWIFT_OPTIMIZATION_LEVEL = "-O";
				VALIDATE_PRODUCT = YES;
			};
			name = Release;
		};
		2CF514AF28FEEA6F0096F011 /* Debug */ = {
			isa = XCBuildConfiguration;
			buildSettings = {
				ASSETCATALOG_COMPILER_APPICON_NAME = AppIcon;
				ASSETCATALOG_COMPILER_GLOBAL_ACCENT_COLOR_NAME = AccentColor;
				CODE_SIGN_STYLE = Automatic;
				CURRENT_PROJECT_VERSION = 1;
				DEVELOPMENT_TEAM = T2XZHNLKT5;
				GENERATE_INFOPLIST_FILE = YES;
				INFOPLIST_FILE = EmojiDictionary/Info.plist;
				INFOPLIST_KEY_UIApplicationSupportsIndirectInputEvents = YES;
				INFOPLIST_KEY_UILaunchStoryboardName = LaunchScreen;
				INFOPLIST_KEY_UIMainStoryboardFile = Main;
				INFOPLIST_KEY_UISupportedInterfaceOrientations_iPad = "UIInterfaceOrientationPortrait UIInterfaceOrientationPortraitUpsideDown UIInterfaceOrientationLandscapeLeft UIInterfaceOrientationLandscapeRight";
				INFOPLIST_KEY_UISupportedInterfaceOrientations_iPhone = "UIInterfaceOrientationPortrait UIInterfaceOrientationLandscapeLeft UIInterfaceOrientationLandscapeRight";
				LD_RUNPATH_SEARCH_PATHS = (
					"$(inherited)",
					"@executable_path/Frameworks",
				);
				MARKETING_VERSION = 1.0;
				PRODUCT_BUNDLE_IDENTIFIER = e.EmojiDictionary;
				PRODUCT_NAME = "$(TARGET_NAME)";
				SWIFT_EMIT_LOC_STRINGS = YES;
				SWIFT_VERSION = 5.0;
				TARGETED_DEVICE_FAMILY = "1,2";
			};
			name = Debug;
		};
		2CF514B028FEEA6F0096F011 /* Release */ = {
			isa = XCBuildConfiguration;
			buildSettings = {
				ASSETCATALOG_COMPILER_APPICON_NAME = AppIcon;
				ASSETCATALOG_COMPILER_GLOBAL_ACCENT_COLOR_NAME = AccentColor;
				CODE_SIGN_STYLE = Automatic;
				CURRENT_PROJECT_VERSION = 1;
				DEVELOPMENT_TEAM = T2XZHNLKT5;
				GENERATE_INFOPLIST_FILE = YES;
				INFOPLIST_FILE = EmojiDictionary/Info.plist;
				INFOPLIST_KEY_UIApplicationSupportsIndirectInputEvents = YES;
				INFOPLIST_KEY_UILaunchStoryboardName = LaunchScreen;
				INFOPLIST_KEY_UIMainStoryboardFile = Main;
				INFOPLIST_KEY_UISupportedInterfaceOrientations_iPad = "UIInterfaceOrientationPortrait UIInterfaceOrientationPortraitUpsideDown UIInterfaceOrientationLandscapeLeft UIInterfaceOrientationLandscapeRight";
				INFOPLIST_KEY_UISupportedInterfaceOrientations_iPhone = "UIInterfaceOrientationPortrait UIInterfaceOrientationLandscapeLeft UIInterfaceOrientationLandscapeRight";
				LD_RUNPATH_SEARCH_PATHS = (
					"$(inherited)",
					"@executable_path/Frameworks",
				);
				MARKETING_VERSION = 1.0;
				PRODUCT_BUNDLE_IDENTIFIER = e.EmojiDictionary;
				PRODUCT_NAME = "$(TARGET_NAME)";
				SWIFT_EMIT_LOC_STRINGS = YES;
				SWIFT_VERSION = 5.0;
				TARGETED_DEVICE_FAMILY = "1,2";
			};
			name = Release;
		};
		2CF514B228FEEA6F0096F011 /* Debug */ = {
			isa = XCBuildConfiguration;
			buildSettings = {
				ALWAYS_EMBED_SWIFT_STANDARD_LIBRARIES = YES;
				BUNDLE_LOADER = "$(TEST_HOST)";
				CODE_SIGN_STYLE = Automatic;
				CURRENT_PROJECT_VERSION = 1;
				DEVELOPMENT_TEAM = T2XZHNLKT5;
				GENERATE_INFOPLIST_FILE = YES;
				IPHONEOS_DEPLOYMENT_TARGET = 16.0;
				MARKETING_VERSION = 1.0;
				PRODUCT_BUNDLE_IDENTIFIER = e.EmojiDictionaryTests;
				PRODUCT_NAME = "$(TARGET_NAME)";
				SWIFT_EMIT_LOC_STRINGS = NO;
				SWIFT_VERSION = 5.0;
				TARGETED_DEVICE_FAMILY = "1,2";
				TEST_HOST = "$(BUILT_PRODUCTS_DIR)/EmojiDictionary.app/$(BUNDLE_EXECUTABLE_FOLDER_PATH)/EmojiDictionary";
			};
			name = Debug;
		};
		2CF514B328FEEA6F0096F011 /* Release */ = {
			isa = XCBuildConfiguration;
			buildSettings = {
				ALWAYS_EMBED_SWIFT_STANDARD_LIBRARIES = YES;
				BUNDLE_LOADER = "$(TEST_HOST)";
				CODE_SIGN_STYLE = Automatic;
				CURRENT_PROJECT_VERSION = 1;
				DEVELOPMENT_TEAM = T2XZHNLKT5;
				GENERATE_INFOPLIST_FILE = YES;
				IPHONEOS_DEPLOYMENT_TARGET = 16.0;
				MARKETING_VERSION = 1.0;
				PRODUCT_BUNDLE_IDENTIFIER = e.EmojiDictionaryTests;
				PRODUCT_NAME = "$(TARGET_NAME)";
				SWIFT_EMIT_LOC_STRINGS = NO;
				SWIFT_VERSION = 5.0;
				TARGETED_DEVICE_FAMILY = "1,2";
				TEST_HOST = "$(BUILT_PRODUCTS_DIR)/EmojiDictionary.app/$(BUNDLE_EXECUTABLE_FOLDER_PATH)/EmojiDictionary";
			};
			name = Release;
		};
		2CF514B528FEEA6F0096F011 /* Debug */ = {
			isa = XCBuildConfiguration;
			buildSettings = {
				ALWAYS_EMBED_SWIFT_STANDARD_LIBRARIES = YES;
				CODE_SIGN_STYLE = Automatic;
				CURRENT_PROJECT_VERSION = 1;
				DEVELOPMENT_TEAM = T2XZHNLKT5;
				GENERATE_INFOPLIST_FILE = YES;
				MARKETING_VERSION = 1.0;
				PRODUCT_BUNDLE_IDENTIFIER = e.EmojiDictionaryUITests;
				PRODUCT_NAME = "$(TARGET_NAME)";
				SWIFT_EMIT_LOC_STRINGS = NO;
				SWIFT_VERSION = 5.0;
				TARGETED_DEVICE_FAMILY = "1,2";
				TEST_TARGET_NAME = EmojiDictionary;
			};
			name = Debug;
		};
		2CF514B628FEEA6F0096F011 /* Release */ = {
			isa = XCBuildConfiguration;
			buildSettings = {
				ALWAYS_EMBED_SWIFT_STANDARD_LIBRARIES = YES;
				CODE_SIGN_STYLE = Automatic;
				CURRENT_PROJECT_VERSION = 1;
				DEVELOPMENT_TEAM = T2XZHNLKT5;
				GENERATE_INFOPLIST_FILE = YES;
				MARKETING_VERSION = 1.0;
				PRODUCT_BUNDLE_IDENTIFIER = e.EmojiDictionaryUITests;
				PRODUCT_NAME = "$(TARGET_NAME)";
				SWIFT_EMIT_LOC_STRINGS = NO;
				SWIFT_VERSION = 5.0;
				TARGETED_DEVICE_FAMILY = "1,2";
				TEST_TARGET_NAME = EmojiDictionary;
			};
			name = Release;
		};
/* End XCBuildConfiguration section */

/* Begin XCConfigurationList section */
		2CF5147F28FEEA6D0096F011 /* Build configuration list for PBXProject "EmojiDictionary" */ = {
			isa = XCConfigurationList;
			buildConfigurations = (
				2CF514AC28FEEA6F0096F011 /* Debug */,
				2CF514AD28FEEA6F0096F011 /* Release */,
			);
			defaultConfigurationIsVisible = 0;
			defaultConfigurationName = Release;
		};
		2CF514AE28FEEA6F0096F011 /* Build configuration list for PBXNativeTarget "EmojiDictionary" */ = {
			isa = XCConfigurationList;
			buildConfigurations = (
				2CF514AF28FEEA6F0096F011 /* Debug */,
				2CF514B028FEEA6F0096F011 /* Release */,
			);
			defaultConfigurationIsVisible = 0;
			defaultConfigurationName = Release;
		};
		2CF514B128FEEA6F0096F011 /* Build configuration list for PBXNativeTarget "EmojiDictionaryTests" */ = {
			isa = XCConfigurationList;
			buildConfigurations = (
				2CF514B228FEEA6F0096F011 /* Debug */,
				2CF514B328FEEA6F0096F011 /* Release */,
			);
			defaultConfigurationIsVisible = 0;
			defaultConfigurationName = Release;
		};
		2CF514B428FEEA6F0096F011 /* Build configuration list for PBXNativeTarget "EmojiDictionaryUITests" */ = {
			isa = XCConfigurationList;
			buildConfigurations = (
				2CF514B528FEEA6F0096F011 /* Debug */,
				2CF514B628FEEA6F0096F011 /* Release */,
			);
			defaultConfigurationIsVisible = 0;
			defaultConfigurationName = Release;
		};
/* End XCConfigurationList section */
	};
	rootObject = 2CF5147C28FEEA6D0096F011 /* Project object */;
}
