// !$*UTF8*$!
{
	archiveVersion = 1;
	classes = {
	};
	objectVersion = 55;
	objects = {

/* Begin PBXBuildFile section */
		2C0EDA7A2911609100D9D3C2 /* PostCreateTableViewController.swift in Sources */ = {isa = PBXBuildFile; fileRef = 2C0EDA792911609100D9D3C2 /* PostCreateTableViewController.swift */; };
		2C0EDA7C291160C500D9D3C2 /* ViewPostTableViewCell.swift in Sources */ = {isa = PBXBuildFile; fileRef = 2C0EDA7B291160C500D9D3C2 /* ViewPostTableViewCell.swift */; };
		2C0EDA7E291160DF00D9D3C2 /* ViewPostTableViewController.swift in Sources */ = {isa = PBXBuildFile; fileRef = 2C0EDA7D291160DF00D9D3C2 /* ViewPostTableViewController.swift */; };
		2C0EDA802911623800D9D3C2 /* Posts.swift in Sources */ = {isa = PBXBuildFile; fileRef = 2C0EDA7F2911623800D9D3C2 /* Posts.swift */; };
		2C18CA9928EF2DB300319D6A /* ImagePickerManager.swift in Sources */ = {isa = PBXBuildFile; fileRef = 2C18CA9828EF2DB300319D6A /* ImagePickerManager.swift */; };
		2C19D06628EDC1B4002FF642 /* AppDelegate.swift in Sources */ = {isa = PBXBuildFile; fileRef = 2C19D06528EDC1B4002FF642 /* AppDelegate.swift */; };
		2C19D06828EDC1B4002FF642 /* SceneDelegate.swift in Sources */ = {isa = PBXBuildFile; fileRef = 2C19D06728EDC1B4002FF642 /* SceneDelegate.swift */; };
		2C19D06A28EDC1B4002FF642 /* ViewController.swift in Sources */ = {isa = PBXBuildFile; fileRef = 2C19D06928EDC1B4002FF642 /* ViewController.swift */; };
		2C19D06D28EDC1B4002FF642 /* Main.storyboard in Resources */ = {isa = PBXBuildFile; fileRef = 2C19D06B28EDC1B4002FF642 /* Main.storyboard */; };
		2C19D06F28EDC1B5002FF642 /* Assets.xcassets in Resources */ = {isa = PBXBuildFile; fileRef = 2C19D06E28EDC1B5002FF642 /* Assets.xcassets */; };
		2C19D07228EDC1B5002FF642 /* LaunchScreen.storyboard in Resources */ = {isa = PBXBuildFile; fileRef = 2C19D07028EDC1B5002FF642 /* LaunchScreen.storyboard */; };
		2C19D07D28EDC1B5002FF642 /* year_long_projecctTests.swift in Sources */ = {isa = PBXBuildFile; fileRef = 2C19D07C28EDC1B5002FF642 /* year_long_projecctTests.swift */; };
		2C19D08728EDC1B5002FF642 /* year_long_projecctUITests.swift in Sources */ = {isa = PBXBuildFile; fileRef = 2C19D08628EDC1B5002FF642 /* year_long_projecctUITests.swift */; };
		2C19D08928EDC1B5002FF642 /* year_long_projecctUITestsLaunchTests.swift in Sources */ = {isa = PBXBuildFile; fileRef = 2C19D08828EDC1B5002FF642 /* year_long_projecctUITestsLaunchTests.swift */; };
		2C1BE6162912C24E003ED4DB /* PostController.swift in Sources */ = {isa = PBXBuildFile; fileRef = 2C1BE6152912C24E003ED4DB /* PostController.swift */; };
/* End PBXBuildFile section */

/* Begin PBXContainerItemProxy section */
		2C19D07928EDC1B5002FF642 /* PBXContainerItemProxy */ = {
			isa = PBXContainerItemProxy;
			containerPortal = 2C19D05A28EDC1B4002FF642 /* Project object */;
			proxyType = 1;
			remoteGlobalIDString = 2C19D06128EDC1B4002FF642;
			remoteInfo = "year long projecct";
		};
		2C19D08328EDC1B5002FF642 /* PBXContainerItemProxy */ = {
			isa = PBXContainerItemProxy;
			containerPortal = 2C19D05A28EDC1B4002FF642 /* Project object */;
			proxyType = 1;
			remoteGlobalIDString = 2C19D06128EDC1B4002FF642;
			remoteInfo = "year long projecct";
		};
/* End PBXContainerItemProxy section */

/* Begin PBXFileReference section */
		2C0EDA792911609100D9D3C2 /* PostCreateTableViewController.swift */ = {isa = PBXFileReference; lastKnownFileType = sourcecode.swift; path = PostCreateTableViewController.swift; sourceTree = "<group>"; };
		2C0EDA7B291160C500D9D3C2 /* ViewPostTableViewCell.swift */ = {isa = PBXFileReference; lastKnownFileType = sourcecode.swift; path = ViewPostTableViewCell.swift; sourceTree = "<group>"; };
		2C0EDA7D291160DF00D9D3C2 /* ViewPostTableViewController.swift */ = {isa = PBXFileReference; lastKnownFileType = sourcecode.swift; path = ViewPostTableViewController.swift; sourceTree = "<group>"; };
		2C0EDA7F2911623800D9D3C2 /* Posts.swift */ = {isa = PBXFileReference; lastKnownFileType = sourcecode.swift; path = Posts.swift; sourceTree = "<group>"; };
		2C18CA9828EF2DB300319D6A /* ImagePickerManager.swift */ = {isa = PBXFileReference; lastKnownFileType = sourcecode.swift; path = ImagePickerManager.swift; sourceTree = "<group>"; };
		2C19D06228EDC1B4002FF642 /* year long projecct.app */ = {isa = PBXFileReference; explicitFileType = wrapper.application; includeInIndex = 0; path = "year long projecct.app"; sourceTree = BUILT_PRODUCTS_DIR; };
		2C19D06528EDC1B4002FF642 /* AppDelegate.swift */ = {isa = PBXFileReference; lastKnownFileType = sourcecode.swift; path = AppDelegate.swift; sourceTree = "<group>"; };
		2C19D06728EDC1B4002FF642 /* SceneDelegate.swift */ = {isa = PBXFileReference; lastKnownFileType = sourcecode.swift; path = SceneDelegate.swift; sourceTree = "<group>"; };
		2C19D06928EDC1B4002FF642 /* ViewController.swift */ = {isa = PBXFileReference; lastKnownFileType = sourcecode.swift; path = ViewController.swift; sourceTree = "<group>"; };
		2C19D06C28EDC1B4002FF642 /* Base */ = {isa = PBXFileReference; lastKnownFileType = file.storyboard; name = Base; path = Base.lproj/Main.storyboard; sourceTree = "<group>"; };
		2C19D06E28EDC1B5002FF642 /* Assets.xcassets */ = {isa = PBXFileReference; lastKnownFileType = folder.assetcatalog; path = Assets.xcassets; sourceTree = "<group>"; };
		2C19D07128EDC1B5002FF642 /* Base */ = {isa = PBXFileReference; lastKnownFileType = file.storyboard; name = Base; path = Base.lproj/LaunchScreen.storyboard; sourceTree = "<group>"; };
		2C19D07328EDC1B5002FF642 /* Info.plist */ = {isa = PBXFileReference; lastKnownFileType = text.plist.xml; path = Info.plist; sourceTree = "<group>"; };
		2C19D07828EDC1B5002FF642 /* year long projecctTests.xctest */ = {isa = PBXFileReference; explicitFileType = wrapper.cfbundle; includeInIndex = 0; path = "year long projecctTests.xctest"; sourceTree = BUILT_PRODUCTS_DIR; };
		2C19D07C28EDC1B5002FF642 /* year_long_projecctTests.swift */ = {isa = PBXFileReference; lastKnownFileType = sourcecode.swift; path = year_long_projecctTests.swift; sourceTree = "<group>"; };
		2C19D08228EDC1B5002FF642 /* year long projecctUITests.xctest */ = {isa = PBXFileReference; explicitFileType = wrapper.cfbundle; includeInIndex = 0; path = "year long projecctUITests.xctest"; sourceTree = BUILT_PRODUCTS_DIR; };
		2C19D08628EDC1B5002FF642 /* year_long_projecctUITests.swift */ = {isa = PBXFileReference; lastKnownFileType = sourcecode.swift; path = year_long_projecctUITests.swift; sourceTree = "<group>"; };
		2C19D08828EDC1B5002FF642 /* year_long_projecctUITestsLaunchTests.swift */ = {isa = PBXFileReference; lastKnownFileType = sourcecode.swift; path = year_long_projecctUITestsLaunchTests.swift; sourceTree = "<group>"; };
		2C1BE6152912C24E003ED4DB /* PostController.swift */ = {isa = PBXFileReference; lastKnownFileType = sourcecode.swift; path = PostController.swift; sourceTree = "<group>"; };
/* End PBXFileReference section */

/* Begin PBXFrameworksBuildPhase section */
		2C19D05F28EDC1B4002FF642 /* Frameworks */ = {
			isa = PBXFrameworksBuildPhase;
			buildActionMask = 2147483647;
			files = (
			);
			runOnlyForDeploymentPostprocessing = 0;
		};
		2C19D07528EDC1B5002FF642 /* Frameworks */ = {
			isa = PBXFrameworksBuildPhase;
			buildActionMask = 2147483647;
			files = (
			);
			runOnlyForDeploymentPostprocessing = 0;
		};
		2C19D07F28EDC1B5002FF642 /* Frameworks */ = {
			isa = PBXFrameworksBuildPhase;
			buildActionMask = 2147483647;
			files = (
			);
			runOnlyForDeploymentPostprocessing = 0;
		};
/* End PBXFrameworksBuildPhase section */

/* Begin PBXGroup section */
		2C19D05928EDC1B4002FF642 = {
			isa = PBXGroup;
			children = (
				2C19D06428EDC1B4002FF642 /* year long projecct */,
				2C19D07B28EDC1B5002FF642 /* year long projecctTests */,
				2C19D08528EDC1B5002FF642 /* year long projecctUITests */,
				2C19D06328EDC1B4002FF642 /* Products */,
			);
			sourceTree = "<group>";
		};
		2C19D06328EDC1B4002FF642 /* Products */ = {
			isa = PBXGroup;
			children = (
				2C19D06228EDC1B4002FF642 /* year long projecct.app */,
				2C19D07828EDC1B5002FF642 /* year long projecctTests.xctest */,
				2C19D08228EDC1B5002FF642 /* year long projecctUITests.xctest */,
			);
			name = Products;
			sourceTree = "<group>";
		};
		2C19D06428EDC1B4002FF642 /* year long projecct */ = {
			isa = PBXGroup;
			children = (
				2C19D06528EDC1B4002FF642 /* AppDelegate.swift */,
				2C19D06728EDC1B4002FF642 /* SceneDelegate.swift */,
				2C19D06928EDC1B4002FF642 /* ViewController.swift */,
				2C0EDA792911609100D9D3C2 /* PostCreateTableViewController.swift */,
				2C18CA9828EF2DB300319D6A /* ImagePickerManager.swift */,
				2C19D06B28EDC1B4002FF642 /* Main.storyboard */,
				2C0EDA7B291160C500D9D3C2 /* ViewPostTableViewCell.swift */,
				2C0EDA7D291160DF00D9D3C2 /* ViewPostTableViewController.swift */,
				2C0EDA7F2911623800D9D3C2 /* Posts.swift */,
				2C1BE6152912C24E003ED4DB /* PostController.swift */,
				2C19D06E28EDC1B5002FF642 /* Assets.xcassets */,
				2C19D07028EDC1B5002FF642 /* LaunchScreen.storyboard */,
				2C19D07328EDC1B5002FF642 /* Info.plist */,
			);
			path = "year long projecct";
			sourceTree = "<group>";
		};
		2C19D07B28EDC1B5002FF642 /* year long projecctTests */ = {
			isa = PBXGroup;
			children = (
				2C19D07C28EDC1B5002FF642 /* year_long_projecctTests.swift */,
			);
			path = "year long projecctTests";
			sourceTree = "<group>";
		};
		2C19D08528EDC1B5002FF642 /* year long projecctUITests */ = {
			isa = PBXGroup;
			children = (
				2C19D08628EDC1B5002FF642 /* year_long_projecctUITests.swift */,
				2C19D08828EDC1B5002FF642 /* year_long_projecctUITestsLaunchTests.swift */,
			);
			path = "year long projecctUITests";
			sourceTree = "<group>";
		};
/* End PBXGroup section */

/* Begin PBXNativeTarget section */
		2C19D06128EDC1B4002FF642 /* year long projecct */ = {
			isa = PBXNativeTarget;
			buildConfigurationList = 2C19D08C28EDC1B5002FF642 /* Build configuration list for PBXNativeTarget "year long projecct" */;
			buildPhases = (
				2C19D05E28EDC1B4002FF642 /* Sources */,
				2C19D05F28EDC1B4002FF642 /* Frameworks */,
				2C19D06028EDC1B4002FF642 /* Resources */,
			);
			buildRules = (
			);
			dependencies = (
			);
			name = "year long projecct";
			productName = "year long projecct";
			productReference = 2C19D06228EDC1B4002FF642 /* year long projecct.app */;
			productType = "com.apple.product-type.application";
		};
		2C19D07728EDC1B5002FF642 /* year long projecctTests */ = {
			isa = PBXNativeTarget;
			buildConfigurationList = 2C19D08F28EDC1B5002FF642 /* Build configuration list for PBXNativeTarget "year long projecctTests" */;
			buildPhases = (
				2C19D07428EDC1B5002FF642 /* Sources */,
				2C19D07528EDC1B5002FF642 /* Frameworks */,
				2C19D07628EDC1B5002FF642 /* Resources */,
			);
			buildRules = (
			);
			dependencies = (
				2C19D07A28EDC1B5002FF642 /* PBXTargetDependency */,
			);
			name = "year long projecctTests";
			productName = "year long projecctTests";
			productReference = 2C19D07828EDC1B5002FF642 /* year long projecctTests.xctest */;
			productType = "com.apple.product-type.bundle.unit-test";
		};
		2C19D08128EDC1B5002FF642 /* year long projecctUITests */ = {
			isa = PBXNativeTarget;
			buildConfigurationList = 2C19D09228EDC1B5002FF642 /* Build configuration list for PBXNativeTarget "year long projecctUITests" */;
			buildPhases = (
				2C19D07E28EDC1B5002FF642 /* Sources */,
				2C19D07F28EDC1B5002FF642 /* Frameworks */,
				2C19D08028EDC1B5002FF642 /* Resources */,
			);
			buildRules = (
			);
			dependencies = (
				2C19D08428EDC1B5002FF642 /* PBXTargetDependency */,
			);
			name = "year long projecctUITests";
			productName = "year long projecctUITests";
			productReference = 2C19D08228EDC1B5002FF642 /* year long projecctUITests.xctest */;
			productType = "com.apple.product-type.bundle.ui-testing";
		};
/* End PBXNativeTarget section */

/* Begin PBXProject section */
		2C19D05A28EDC1B4002FF642 /* Project object */ = {
			isa = PBXProject;
			attributes = {
				BuildIndependentTargetsInParallel = 1;
				LastSwiftUpdateCheck = 1340;
				LastUpgradeCheck = 1340;
				TargetAttributes = {
					2C19D06128EDC1B4002FF642 = {
						CreatedOnToolsVersion = 13.4.1;
					};
					2C19D07728EDC1B5002FF642 = {
						CreatedOnToolsVersion = 13.4.1;
						TestTargetID = 2C19D06128EDC1B4002FF642;
					};
					2C19D08128EDC1B5002FF642 = {
						CreatedOnToolsVersion = 13.4.1;
						TestTargetID = 2C19D06128EDC1B4002FF642;
					};
				};
			};
			buildConfigurationList = 2C19D05D28EDC1B4002FF642 /* Build configuration list for PBXProject "year long projecct" */;
			compatibilityVersion = "Xcode 13.0";
			developmentRegion = en;
			hasScannedForEncodings = 0;
			knownRegions = (
				en,
				Base,
			);
			mainGroup = 2C19D05928EDC1B4002FF642;
			productRefGroup = 2C19D06328EDC1B4002FF642 /* Products */;
			projectDirPath = "";
			projectRoot = "";
			targets = (
				2C19D06128EDC1B4002FF642 /* year long projecct */,
				2C19D07728EDC1B5002FF642 /* year long projecctTests */,
				2C19D08128EDC1B5002FF642 /* year long projecctUITests */,
			);
		};
/* End PBXProject section */

/* Begin PBXResourcesBuildPhase section */
		2C19D06028EDC1B4002FF642 /* Resources */ = {
			isa = PBXResourcesBuildPhase;
			buildActionMask = 2147483647;
			files = (
				2C19D07228EDC1B5002FF642 /* LaunchScreen.storyboard in Resources */,
				2C19D06F28EDC1B5002FF642 /* Assets.xcassets in Resources */,
				2C19D06D28EDC1B4002FF642 /* Main.storyboard in Resources */,
			);
			runOnlyForDeploymentPostprocessing = 0;
		};
		2C19D07628EDC1B5002FF642 /* Resources */ = {
			isa = PBXResourcesBuildPhase;
			buildActionMask = 2147483647;
			files = (
			);
			runOnlyForDeploymentPostprocessing = 0;
		};
		2C19D08028EDC1B5002FF642 /* Resources */ = {
			isa = PBXResourcesBuildPhase;
			buildActionMask = 2147483647;
			files = (
			);
			runOnlyForDeploymentPostprocessing = 0;
		};
/* End PBXResourcesBuildPhase section */

/* Begin PBXSourcesBuildPhase section */
		2C19D05E28EDC1B4002FF642 /* Sources */ = {
			isa = PBXSourcesBuildPhase;
			buildActionMask = 2147483647;
			files = (
				2C19D06A28EDC1B4002FF642 /* ViewController.swift in Sources */,
				2C19D06628EDC1B4002FF642 /* AppDelegate.swift in Sources */,
				2C19D06828EDC1B4002FF642 /* SceneDelegate.swift in Sources */,
				2C18CA9928EF2DB300319D6A /* ImagePickerManager.swift in Sources */,
				2C0EDA7E291160DF00D9D3C2 /* ViewPostTableViewController.swift in Sources */,
				2C1BE6162912C24E003ED4DB /* PostController.swift in Sources */,
				2C0EDA7C291160C500D9D3C2 /* ViewPostTableViewCell.swift in Sources */,
				2C0EDA7A2911609100D9D3C2 /* PostCreateTableViewController.swift in Sources */,
				2C0EDA802911623800D9D3C2 /* Posts.swift in Sources */,
			);
			runOnlyForDeploymentPostprocessing = 0;
		};
		2C19D07428EDC1B5002FF642 /* Sources */ = {
			isa = PBXSourcesBuildPhase;
			buildActionMask = 2147483647;
			files = (
				2C19D07D28EDC1B5002FF642 /* year_long_projecctTests.swift in Sources */,
			);
			runOnlyForDeploymentPostprocessing = 0;
		};
		2C19D07E28EDC1B5002FF642 /* Sources */ = {
			isa = PBXSourcesBuildPhase;
			buildActionMask = 2147483647;
			files = (
				2C19D08728EDC1B5002FF642 /* year_long_projecctUITests.swift in Sources */,
				2C19D08928EDC1B5002FF642 /* year_long_projecctUITestsLaunchTests.swift in Sources */,
			);
			runOnlyForDeploymentPostprocessing = 0;
		};
/* End PBXSourcesBuildPhase section */

/* Begin PBXTargetDependency section */
		2C19D07A28EDC1B5002FF642 /* PBXTargetDependency */ = {
			isa = PBXTargetDependency;
			target = 2C19D06128EDC1B4002FF642 /* year long projecct */;
			targetProxy = 2C19D07928EDC1B5002FF642 /* PBXContainerItemProxy */;
		};
		2C19D08428EDC1B5002FF642 /* PBXTargetDependency */ = {
			isa = PBXTargetDependency;
			target = 2C19D06128EDC1B4002FF642 /* year long projecct */;
			targetProxy = 2C19D08328EDC1B5002FF642 /* PBXContainerItemProxy */;
		};
/* End PBXTargetDependency section */

/* Begin PBXVariantGroup section */
		2C19D06B28EDC1B4002FF642 /* Main.storyboard */ = {
			isa = PBXVariantGroup;
			children = (
				2C19D06C28EDC1B4002FF642 /* Base */,
			);
			name = Main.storyboard;
			sourceTree = "<group>";
		};
		2C19D07028EDC1B5002FF642 /* LaunchScreen.storyboard */ = {
			isa = PBXVariantGroup;
			children = (
				2C19D07128EDC1B5002FF642 /* Base */,
			);
			name = LaunchScreen.storyboard;
			sourceTree = "<group>";
		};
/* End PBXVariantGroup section */

/* Begin XCBuildConfiguration section */
		2C19D08A28EDC1B5002FF642 /* Debug */ = {
			isa = XCBuildConfiguration;
			buildSettings = {
				ALWAYS_SEARCH_USER_PATHS = NO;
				CLANG_ANALYZER_NONNULL = YES;
				CLANG_ANALYZER_NUMBER_OBJECT_CONVERSION = YES_AGGRESSIVE;
				CLANG_CXX_LANGUAGE_STANDARD = "gnu++17";
				CLANG_ENABLE_MODULES = YES;
				CLANG_ENABLE_OBJC_ARC = YES;
				CLANG_ENABLE_OBJC_WEAK = YES;
				CLANG_WARN_BLOCK_CAPTURE_AUTORELEASING = YES;
				CLANG_WARN_BOOL_CONVERSION = YES;
				CLANG_WARN_COMMA = YES;
				CLANG_WARN_CONSTANT_CONVERSION = YES;
				CLANG_WARN_DEPRECATED_OBJC_IMPLEMENTATIONS = YES;
				CLANG_WARN_DIRECT_OBJC_ISA_USAGE = YES_ERROR;
				CLANG_WARN_DOCUMENTATION_COMMENTS = YES;
				CLANG_WARN_EMPTY_BODY = YES;
				CLANG_WARN_ENUM_CONVERSION = YES;
				CLANG_WARN_INFINITE_RECURSION = YES;
				CLANG_WARN_INT_CONVERSION = YES;
				CLANG_WARN_NON_LITERAL_NULL_CONVERSION = YES;
				CLANG_WARN_OBJC_IMPLICIT_RETAIN_SELF = YES;
				CLANG_WARN_OBJC_LITERAL_CONVERSION = YES;
				CLANG_WARN_OBJC_ROOT_CLASS = YES_ERROR;
				CLANG_WARN_QUOTED_INCLUDE_IN_FRAMEWORK_HEADER = YES;
				CLANG_WARN_RANGE_LOOP_ANALYSIS = YES;
				CLANG_WARN_STRICT_PROTOTYPES = YES;
				CLANG_WARN_SUSPICIOUS_MOVE = YES;
				CLANG_WARN_UNGUARDED_AVAILABILITY = YES_AGGRESSIVE;
				CLANG_WARN_UNREACHABLE_CODE = YES;
				CLANG_WARN__DUPLICATE_METHOD_MATCH = YES;
				COPY_PHASE_STRIP = NO;
				DEBUG_INFORMATION_FORMAT = dwarf;
				ENABLE_STRICT_OBJC_MSGSEND = YES;
				ENABLE_TESTABILITY = YES;
				GCC_C_LANGUAGE_STANDARD = gnu11;
				GCC_DYNAMIC_NO_PIC = NO;
				GCC_NO_COMMON_BLOCKS = YES;
				GCC_OPTIMIZATION_LEVEL = 0;
				GCC_PREPROCESSOR_DEFINITIONS = (
					"DEBUG=1",
					"$(inherited)",
				);
				GCC_WARN_64_TO_32_BIT_CONVERSION = YES;
				GCC_WARN_ABOUT_RETURN_TYPE = YES_ERROR;
				GCC_WARN_UNDECLARED_SELECTOR = YES;
				GCC_WARN_UNINITIALIZED_AUTOS = YES_AGGRESSIVE;
				GCC_WARN_UNUSED_FUNCTION = YES;
				GCC_WARN_UNUSED_VARIABLE = YES;
				IPHONEOS_DEPLOYMENT_TARGET = 15.5;
				MTL_ENABLE_DEBUG_INFO = INCLUDE_SOURCE;
				MTL_FAST_MATH = YES;
				ONLY_ACTIVE_ARCH = YES;
				SDKROOT = iphoneos;
				SWIFT_ACTIVE_COMPILATION_CONDITIONS = DEBUG;
				SWIFT_OPTIMIZATION_LEVEL = "-Onone";
			};
			name = Debug;
		};
		2C19D08B28EDC1B5002FF642 /* Release */ = {
			isa = XCBuildConfiguration;
			buildSettings = {
				ALWAYS_SEARCH_USER_PATHS = NO;
				CLANG_ANALYZER_NONNULL = YES;
				CLANG_ANALYZER_NUMBER_OBJECT_CONVERSION = YES_AGGRESSIVE;
				CLANG_CXX_LANGUAGE_STANDARD = "gnu++17";
				CLANG_ENABLE_MODULES = YES;
				CLANG_ENABLE_OBJC_ARC = YES;
				CLANG_ENABLE_OBJC_WEAK = YES;
				CLANG_WARN_BLOCK_CAPTURE_AUTORELEASING = YES;
				CLANG_WARN_BOOL_CONVERSION = YES;
				CLANG_WARN_COMMA = YES;
				CLANG_WARN_CONSTANT_CONVERSION = YES;
				CLANG_WARN_DEPRECATED_OBJC_IMPLEMENTATIONS = YES;
				CLANG_WARN_DIRECT_OBJC_ISA_USAGE = YES_ERROR;
				CLANG_WARN_DOCUMENTATION_COMMENTS = YES;
				CLANG_WARN_EMPTY_BODY = YES;
				CLANG_WARN_ENUM_CONVERSION = YES;
				CLANG_WARN_INFINITE_RECURSION = YES;
				CLANG_WARN_INT_CONVERSION = YES;
				CLANG_WARN_NON_LITERAL_NULL_CONVERSION = YES;
				CLANG_WARN_OBJC_IMPLICIT_RETAIN_SELF = YES;
				CLANG_WARN_OBJC_LITERAL_CONVERSION = YES;
				CLANG_WARN_OBJC_ROOT_CLASS = YES_ERROR;
				CLANG_WARN_QUOTED_INCLUDE_IN_FRAMEWORK_HEADER = YES;
				CLANG_WARN_RANGE_LOOP_ANALYSIS = YES;
				CLANG_WARN_STRICT_PROTOTYPES = YES;
				CLANG_WARN_SUSPICIOUS_MOVE = YES;
				CLANG_WARN_UNGUARDED_AVAILABILITY = YES_AGGRESSIVE;
				CLANG_WARN_UNREACHABLE_CODE = YES;
				CLANG_WARN__DUPLICATE_METHOD_MATCH = YES;
				COPY_PHASE_STRIP = NO;
				DEBUG_INFORMATION_FORMAT = "dwarf-with-dsym";
				ENABLE_NS_ASSERTIONS = NO;
				ENABLE_STRICT_OBJC_MSGSEND = YES;
				GCC_C_LANGUAGE_STANDARD = gnu11;
				GCC_NO_COMMON_BLOCKS = YES;
				GCC_WARN_64_TO_32_BIT_CONVERSION = YES;
				GCC_WARN_ABOUT_RETURN_TYPE = YES_ERROR;
				GCC_WARN_UNDECLARED_SELECTOR = YES;
				GCC_WARN_UNINITIALIZED_AUTOS = YES_AGGRESSIVE;
				GCC_WARN_UNUSED_FUNCTION = YES;
				GCC_WARN_UNUSED_VARIABLE = YES;
				IPHONEOS_DEPLOYMENT_TARGET = 15.5;
				MTL_ENABLE_DEBUG_INFO = NO;
				MTL_FAST_MATH = YES;
				SDKROOT = iphoneos;
				SWIFT_COMPILATION_MODE = wholemodule;
				SWIFT_OPTIMIZATION_LEVEL = "-O";
				VALIDATE_PRODUCT = YES;
			};
			name = Release;
		};
		2C19D08D28EDC1B5002FF642 /* Debug */ = {
			isa = XCBuildConfiguration;
			buildSettings = {
				ASSETCATALOG_COMPILER_APPICON_NAME = AppIcon;
				ASSETCATALOG_COMPILER_GLOBAL_ACCENT_COLOR_NAME = AccentColor;
				CODE_SIGN_STYLE = Automatic;
				CURRENT_PROJECT_VERSION = 1;
				DEVELOPMENT_TEAM = T2XZHNLKT5;
				GENERATE_INFOPLIST_FILE = YES;
				INFOPLIST_FILE = "year long projecct/Info.plist";
				INFOPLIST_KEY_UIApplicationSupportsIndirectInputEvents = YES;
				INFOPLIST_KEY_UILaunchStoryboardName = LaunchScreen;
				INFOPLIST_KEY_UIMainStoryboardFile = Main;
				INFOPLIST_KEY_UISupportedInterfaceOrientations_iPad = "UIInterfaceOrientationPortrait UIInterfaceOrientationPortraitUpsideDown UIInterfaceOrientationLandscapeLeft UIInterfaceOrientationLandscapeRight";
				INFOPLIST_KEY_UISupportedInterfaceOrientations_iPhone = "UIInterfaceOrientationPortrait UIInterfaceOrientationLandscapeLeft UIInterfaceOrientationLandscapeRight";
				LD_RUNPATH_SEARCH_PATHS = (
					"$(inherited)",
					"@executable_path/Frameworks",
				);
				MARKETING_VERSION = 1.0;
				PRODUCT_BUNDLE_IDENTIFIER = "e.year-long-projecct";
				PRODUCT_NAME = "$(TARGET_NAME)";
				SWIFT_EMIT_LOC_STRINGS = YES;
				SWIFT_VERSION = 5.0;
				TARGETED_DEVICE_FAMILY = "1,2";
			};
			name = Debug;
		};
		2C19D08E28EDC1B5002FF642 /* Release */ = {
			isa = XCBuildConfiguration;
			buildSettings = {
				ASSETCATALOG_COMPILER_APPICON_NAME = AppIcon;
				ASSETCATALOG_COMPILER_GLOBAL_ACCENT_COLOR_NAME = AccentColor;
				CODE_SIGN_STYLE = Automatic;
				CURRENT_PROJECT_VERSION = 1;
				DEVELOPMENT_TEAM = T2XZHNLKT5;
				GENERATE_INFOPLIST_FILE = YES;
				INFOPLIST_FILE = "year long projecct/Info.plist";
				INFOPLIST_KEY_UIApplicationSupportsIndirectInputEvents = YES;
				INFOPLIST_KEY_UILaunchStoryboardName = LaunchScreen;
				INFOPLIST_KEY_UIMainStoryboardFile = Main;
				INFOPLIST_KEY_UISupportedInterfaceOrientations_iPad = "UIInterfaceOrientationPortrait UIInterfaceOrientationPortraitUpsideDown UIInterfaceOrientationLandscapeLeft UIInterfaceOrientationLandscapeRight";
				INFOPLIST_KEY_UISupportedInterfaceOrientations_iPhone = "UIInterfaceOrientationPortrait UIInterfaceOrientationLandscapeLeft UIInterfaceOrientationLandscapeRight";
				LD_RUNPATH_SEARCH_PATHS = (
					"$(inherited)",
					"@executable_path/Frameworks",
				);
				MARKETING_VERSION = 1.0;
				PRODUCT_BUNDLE_IDENTIFIER = "e.year-long-projecct";
				PRODUCT_NAME = "$(TARGET_NAME)";
				SWIFT_EMIT_LOC_STRINGS = YES;
				SWIFT_VERSION = 5.0;
				TARGETED_DEVICE_FAMILY = "1,2";
			};
			name = Release;
		};
		2C19D09028EDC1B5002FF642 /* Debug */ = {
			isa = XCBuildConfiguration;
			buildSettings = {
				ALWAYS_EMBED_SWIFT_STANDARD_LIBRARIES = YES;
				BUNDLE_LOADER = "$(TEST_HOST)";
				CODE_SIGN_STYLE = Automatic;
				CURRENT_PROJECT_VERSION = 1;
				DEVELOPMENT_TEAM = T2XZHNLKT5;
				GENERATE_INFOPLIST_FILE = YES;
				IPHONEOS_DEPLOYMENT_TARGET = 15.5;
				MARKETING_VERSION = 1.0;
				PRODUCT_BUNDLE_IDENTIFIER = "e.year-long-projecctTests";
				PRODUCT_NAME = "$(TARGET_NAME)";
				SWIFT_EMIT_LOC_STRINGS = NO;
				SWIFT_VERSION = 5.0;
				TARGETED_DEVICE_FAMILY = "1,2";
				TEST_HOST = "$(BUILT_PRODUCTS_DIR)/year long projecct.app/year long projecct";
			};
			name = Debug;
		};
		2C19D09128EDC1B5002FF642 /* Release */ = {
			isa = XCBuildConfiguration;
			buildSettings = {
				ALWAYS_EMBED_SWIFT_STANDARD_LIBRARIES = YES;
				BUNDLE_LOADER = "$(TEST_HOST)";
				CODE_SIGN_STYLE = Automatic;
				CURRENT_PROJECT_VERSION = 1;
				DEVELOPMENT_TEAM = T2XZHNLKT5;
				GENERATE_INFOPLIST_FILE = YES;
				IPHONEOS_DEPLOYMENT_TARGET = 15.5;
				MARKETING_VERSION = 1.0;
				PRODUCT_BUNDLE_IDENTIFIER = "e.year-long-projecctTests";
				PRODUCT_NAME = "$(TARGET_NAME)";
				SWIFT_EMIT_LOC_STRINGS = NO;
				SWIFT_VERSION = 5.0;
				TARGETED_DEVICE_FAMILY = "1,2";
				TEST_HOST = "$(BUILT_PRODUCTS_DIR)/year long projecct.app/year long projecct";
			};
			name = Release;
		};
		2C19D09328EDC1B5002FF642 /* Debug */ = {
			isa = XCBuildConfiguration;
			buildSettings = {
				ALWAYS_EMBED_SWIFT_STANDARD_LIBRARIES = YES;
				CODE_SIGN_STYLE = Automatic;
				CURRENT_PROJECT_VERSION = 1;
				DEVELOPMENT_TEAM = T2XZHNLKT5;
				GENERATE_INFOPLIST_FILE = YES;
				MARKETING_VERSION = 1.0;
				PRODUCT_BUNDLE_IDENTIFIER = "e.year-long-projecctUITests";
				PRODUCT_NAME = "$(TARGET_NAME)";
				SWIFT_EMIT_LOC_STRINGS = NO;
				SWIFT_VERSION = 5.0;
				TARGETED_DEVICE_FAMILY = "1,2";
				TEST_TARGET_NAME = "year long projecct";
			};
			name = Debug;
		};
		2C19D09428EDC1B5002FF642 /* Release */ = {
			isa = XCBuildConfiguration;
			buildSettings = {
				ALWAYS_EMBED_SWIFT_STANDARD_LIBRARIES = YES;
				CODE_SIGN_STYLE = Automatic;
				CURRENT_PROJECT_VERSION = 1;
				DEVELOPMENT_TEAM = T2XZHNLKT5;
				GENERATE_INFOPLIST_FILE = YES;
				MARKETING_VERSION = 1.0;
				PRODUCT_BUNDLE_IDENTIFIER = "e.year-long-projecctUITests";
				PRODUCT_NAME = "$(TARGET_NAME)";
				SWIFT_EMIT_LOC_STRINGS = NO;
				SWIFT_VERSION = 5.0;
				TARGETED_DEVICE_FAMILY = "1,2";
				TEST_TARGET_NAME = "year long projecct";
			};
			name = Release;
		};
/* End XCBuildConfiguration section */

/* Begin XCConfigurationList section */
		2C19D05D28EDC1B4002FF642 /* Build configuration list for PBXProject "year long projecct" */ = {
			isa = XCConfigurationList;
			buildConfigurations = (
				2C19D08A28EDC1B5002FF642 /* Debug */,
				2C19D08B28EDC1B5002FF642 /* Release */,
			);
			defaultConfigurationIsVisible = 0;
			defaultConfigurationName = Release;
		};
		2C19D08C28EDC1B5002FF642 /* Build configuration list for PBXNativeTarget "year long projecct" */ = {
			isa = XCConfigurationList;
			buildConfigurations = (
				2C19D08D28EDC1B5002FF642 /* Debug */,
				2C19D08E28EDC1B5002FF642 /* Release */,
			);
			defaultConfigurationIsVisible = 0;
			defaultConfigurationName = Release;
		};
		2C19D08F28EDC1B5002FF642 /* Build configuration list for PBXNativeTarget "year long projecctTests" */ = {
			isa = XCConfigurationList;
			buildConfigurations = (
				2C19D09028EDC1B5002FF642 /* Debug */,
				2C19D09128EDC1B5002FF642 /* Release */,
			);
			defaultConfigurationIsVisible = 0;
			defaultConfigurationName = Release;
		};
		2C19D09228EDC1B5002FF642 /* Build configuration list for PBXNativeTarget "year long projecctUITests" */ = {
			isa = XCConfigurationList;
			buildConfigurations = (
				2C19D09328EDC1B5002FF642 /* Debug */,
				2C19D09428EDC1B5002FF642 /* Release */,
			);
			defaultConfigurationIsVisible = 0;
			defaultConfigurationName = Release;
		};
/* End XCConfigurationList section */
	};
	rootObject = 2C19D05A28EDC1B4002FF642 /* Project object */;
}
